// !$*UTF8*$!
{
	archiveVersion = 1;
	classes = {
	};
	objectVersion = 46;
	objects = {

/* Begin PBXBuildFile section */
		F900E4CD1DE5DBA300B017BB /* NotificationNameExtension.swift in Sources */ = {isa = PBXBuildFile; fileRef = F900E4CC1DE5DBA300B017BB /* NotificationNameExtension.swift */; };
		F9022D9E1DD90032006AF146 /* SwiftiumKit.framework in Frameworks */ = {isa = PBXBuildFile; fileRef = F9022D9D1DD90018006AF146 /* SwiftiumKit.framework */; };
		F9022D9F1DD90032006AF146 /* SwiftiumKit.framework in Embed Frameworks */ = {isa = PBXBuildFile; fileRef = F9022D9D1DD90018006AF146 /* SwiftiumKit.framework */; settings = {ATTRIBUTES = (CodeSignOnCopy, RemoveHeadersOnCopy, ); }; };
		F9022DA11DD90601006AF146 /* DefaultsKeyExtension.swift in Sources */ = {isa = PBXBuildFile; fileRef = F9022DA01DD90601006AF146 /* DefaultsKeyExtension.swift */; };
		F911BBEB1DDC6066000C022B /* Fabric.framework in Frameworks */ = {isa = PBXBuildFile; fileRef = F911BBEA1DDC6066000C022B /* Fabric.framework */; };
		F911BBEE1DDC6097000C022B /* Crashlytics.framework in Frameworks */ = {isa = PBXBuildFile; fileRef = F911BBED1DDC6097000C022B /* Crashlytics.framework */; };
		F93C760D1DD11577005DEE66 /* AppDelegate.swift in Sources */ = {isa = PBXBuildFile; fileRef = F93C760C1DD11577005DEE66 /* AppDelegate.swift */; };
		F93C76141DD11577005DEE66 /* Assets.xcassets in Resources */ = {isa = PBXBuildFile; fileRef = F93C76131DD11577005DEE66 /* Assets.xcassets */; };
		F93C76171DD11577005DEE66 /* LaunchScreen.storyboard in Resources */ = {isa = PBXBuildFile; fileRef = F93C76151DD11577005DEE66 /* LaunchScreen.storyboard */; };
		F93C76411DD11AF0005DEE66 /* Kingfisher.framework in Frameworks */ = {isa = PBXBuildFile; fileRef = F93C76391DD11ACE005DEE66 /* Kingfisher.framework */; };
		F93C76421DD11AF0005DEE66 /* Kingfisher.framework in Embed Frameworks */ = {isa = PBXBuildFile; fileRef = F93C76391DD11ACE005DEE66 /* Kingfisher.framework */; settings = {ATTRIBUTES = (CodeSignOnCopy, RemoveHeadersOnCopy, ); }; };
		F93C76431DD11AF0005DEE66 /* Reachability.framework in Frameworks */ = {isa = PBXBuildFile; fileRef = F93C763A1DD11ACE005DEE66 /* Reachability.framework */; };
		F93C76441DD11AF0005DEE66 /* Reachability.framework in Embed Frameworks */ = {isa = PBXBuildFile; fileRef = F93C763A1DD11ACE005DEE66 /* Reachability.framework */; settings = {ATTRIBUTES = (CodeSignOnCopy, RemoveHeadersOnCopy, ); }; };
		F93C76451DD11AF0005DEE66 /* Siren.framework in Frameworks */ = {isa = PBXBuildFile; fileRef = F93C763B1DD11ACE005DEE66 /* Siren.framework */; };
		F93C76461DD11AF0005DEE66 /* Siren.framework in Embed Frameworks */ = {isa = PBXBuildFile; fileRef = F93C763B1DD11ACE005DEE66 /* Siren.framework */; settings = {ATTRIBUTES = (CodeSignOnCopy, RemoveHeadersOnCopy, ); }; };
		F93C76471DD11AF0005DEE66 /* SwiftyUserDefaults.framework in Frameworks */ = {isa = PBXBuildFile; fileRef = F93C763C1DD11ACE005DEE66 /* SwiftyUserDefaults.framework */; };
		F93C76481DD11AF0005DEE66 /* SwiftyUserDefaults.framework in Embed Frameworks */ = {isa = PBXBuildFile; fileRef = F93C763C1DD11ACE005DEE66 /* SwiftyUserDefaults.framework */; settings = {ATTRIBUTES = (CodeSignOnCopy, RemoveHeadersOnCopy, ); }; };
		F94D7CE51DFABF6000460CCD /* AboutViewController.swift in Sources */ = {isa = PBXBuildFile; fileRef = F94D7CE31DFABF6000460CCD /* AboutViewController.swift */; };
		F94D7CE61DFABF6000460CCD /* AboutViewController.xib in Resources */ = {isa = PBXBuildFile; fileRef = F94D7CE41DFABF6000460CCD /* AboutViewController.xib */; };
		F94D7CE91DFAE50200460CCD /* ActiveLabel.framework in Frameworks */ = {isa = PBXBuildFile; fileRef = F94D7CE71DFAE4FC00460CCD /* ActiveLabel.framework */; };
		F94D7CEA1DFAE50200460CCD /* ActiveLabel.framework in Embed Frameworks */ = {isa = PBXBuildFile; fileRef = F94D7CE71DFAE4FC00460CCD /* ActiveLabel.framework */; settings = {ATTRIBUTES = (CodeSignOnCopy, RemoveHeadersOnCopy, ); }; };
		F94FEEAD1DD4764100586F54 /* NavigationController.swift in Sources */ = {isa = PBXBuildFile; fileRef = F94FEEAC1DD4764100586F54 /* NavigationController.swift */; };
		F94FEEB01DD4765A00586F54 /* UIFontExtension.swift in Sources */ = {isa = PBXBuildFile; fileRef = F94FEEAF1DD4765A00586F54 /* UIFontExtension.swift */; };
		F96276191DDB6A5D0090A9AB /* UITableViewCellExtension.swift in Sources */ = {isa = PBXBuildFile; fileRef = F96276181DDB6A5D0090A9AB /* UITableViewCellExtension.swift */; };
		F963AB131E59BDF900ED5A8B /* LoadingViewController.swift in Sources */ = {isa = PBXBuildFile; fileRef = F963AB111E59BDF900ED5A8B /* LoadingViewController.swift */; };
		F963AB141E59BDF900ED5A8B /* LoadingViewController.xib in Resources */ = {isa = PBXBuildFile; fileRef = F963AB121E59BDF900ED5A8B /* LoadingViewController.xib */; };
		F963AB181E59C05100ED5A8B /* iCarousel.m in Sources */ = {isa = PBXBuildFile; fileRef = F963AB171E59C05100ED5A8B /* iCarousel.m */; };
		F963AB1D1E59C8C400ED5A8B /* WebcamCarouselViewController.swift in Sources */ = {isa = PBXBuildFile; fileRef = F963AB1B1E59C8C400ED5A8B /* WebcamCarouselViewController.swift */; };
		F963AB1E1E59C8C400ED5A8B /* WebcamCarouselViewController.xib in Resources */ = {isa = PBXBuildFile; fileRef = F963AB1C1E59C8C400ED5A8B /* WebcamCarouselViewController.xib */; };
		F963AB211E59CE6300ED5A8B /* WebcamCarouselTableViewCell.swift in Sources */ = {isa = PBXBuildFile; fileRef = F963AB1F1E59CE6300ED5A8B /* WebcamCarouselTableViewCell.swift */; };
		F963AB221E59CE6300ED5A8B /* WebcamCarouselTableViewCell.xib in Resources */ = {isa = PBXBuildFile; fileRef = F963AB201E59CE6300ED5A8B /* WebcamCarouselTableViewCell.xib */; };
		F963AB321E59D07800ED5A8B /* AbstractArrayViewProvider.swift in Sources */ = {isa = PBXBuildFile; fileRef = F963AB2D1E59D07800ED5A8B /* AbstractArrayViewProvider.swift */; };
		F963AB331E59D07800ED5A8B /* AbstractEnumeratableViewProvider.swift in Sources */ = {isa = PBXBuildFile; fileRef = F963AB2E1E59D07800ED5A8B /* AbstractEnumeratableViewProvider.swift */; };
		F963AB351E59D07800ED5A8B /* AbstractSectionedEnumeratableViewProvider.swift in Sources */ = {isa = PBXBuildFile; fileRef = F963AB301E59D07800ED5A8B /* AbstractSectionedEnumeratableViewProvider.swift */; };
		F963AB361E59D07800ED5A8B /* AbstractViewProvider.swift in Sources */ = {isa = PBXBuildFile; fileRef = F963AB311E59D07800ED5A8B /* AbstractViewProvider.swift */; };
		F963AB381E59E54300ED5A8B /* UIViewExtension.swift in Sources */ = {isa = PBXBuildFile; fileRef = F963AB371E59E54300ED5A8B /* UIViewExtension.swift */; };
		F963AB3D1E59E80900ED5A8B /* Alamofire.framework in Frameworks */ = {isa = PBXBuildFile; fileRef = F963AB391E59E7FC00ED5A8B /* Alamofire.framework */; };
		F963AB3E1E59E80900ED5A8B /* Alamofire.framework in Embed Frameworks */ = {isa = PBXBuildFile; fileRef = F963AB391E59E7FC00ED5A8B /* Alamofire.framework */; settings = {ATTRIBUTES = (CodeSignOnCopy, RemoveHeadersOnCopy, ); }; };
		F963AB3F1E59E80900ED5A8B /* AlamofireObjectMapper.framework in Frameworks */ = {isa = PBXBuildFile; fileRef = F963AB3A1E59E7FC00ED5A8B /* AlamofireObjectMapper.framework */; };
		F963AB401E59E80900ED5A8B /* AlamofireObjectMapper.framework in Embed Frameworks */ = {isa = PBXBuildFile; fileRef = F963AB3A1E59E7FC00ED5A8B /* AlamofireObjectMapper.framework */; settings = {ATTRIBUTES = (CodeSignOnCopy, RemoveHeadersOnCopy, ); }; };
		F963AB411E59E80900ED5A8B /* Realm.framework in Frameworks */ = {isa = PBXBuildFile; fileRef = F963AB3B1E59E7FC00ED5A8B /* Realm.framework */; };
		F963AB421E59E80900ED5A8B /* Realm.framework in Embed Frameworks */ = {isa = PBXBuildFile; fileRef = F963AB3B1E59E7FC00ED5A8B /* Realm.framework */; settings = {ATTRIBUTES = (CodeSignOnCopy, RemoveHeadersOnCopy, ); }; };
		F963AB431E59E80900ED5A8B /* RealmSwift.framework in Frameworks */ = {isa = PBXBuildFile; fileRef = F963AB3C1E59E7FC00ED5A8B /* RealmSwift.framework */; };
		F963AB441E59E80900ED5A8B /* RealmSwift.framework in Embed Frameworks */ = {isa = PBXBuildFile; fileRef = F963AB3C1E59E7FC00ED5A8B /* RealmSwift.framework */; settings = {ATTRIBUTES = (CodeSignOnCopy, RemoveHeadersOnCopy, ); }; };
		F963AB461E5A152100ED5A8B /* ObjectMapper.framework in Frameworks */ = {isa = PBXBuildFile; fileRef = F963AB451E5A151900ED5A8B /* ObjectMapper.framework */; };
		F963AB471E5A152100ED5A8B /* ObjectMapper.framework in Embed Frameworks */ = {isa = PBXBuildFile; fileRef = F963AB451E5A151900ED5A8B /* ObjectMapper.framework */; settings = {ATTRIBUTES = (CodeSignOnCopy, RemoveHeadersOnCopy, ); }; };
		F963AB521E5A172500ED5A8B /* ProximaNova-Black.otf in Resources */ = {isa = PBXBuildFile; fileRef = F963AB491E5A172500ED5A8B /* ProximaNova-Black.otf */; };
		F963AB531E5A172500ED5A8B /* ProximaNova-Bold.otf in Resources */ = {isa = PBXBuildFile; fileRef = F963AB4A1E5A172500ED5A8B /* ProximaNova-Bold.otf */; };
		F963AB541E5A172500ED5A8B /* ProximaNova-Extrabold.otf in Resources */ = {isa = PBXBuildFile; fileRef = F963AB4B1E5A172500ED5A8B /* ProximaNova-Extrabold.otf */; };
		F963AB551E5A172500ED5A8B /* ProximaNova-Light.otf in Resources */ = {isa = PBXBuildFile; fileRef = F963AB4C1E5A172500ED5A8B /* ProximaNova-Light.otf */; };
		F963AB561E5A172500ED5A8B /* ProximaNova-LightItalic.otf in Resources */ = {isa = PBXBuildFile; fileRef = F963AB4D1E5A172500ED5A8B /* ProximaNova-LightItalic.otf */; };
		F963AB571E5A172500ED5A8B /* ProximaNova-Regular.otf in Resources */ = {isa = PBXBuildFile; fileRef = F963AB4E1E5A172500ED5A8B /* ProximaNova-Regular.otf */; };
		F963AB581E5A172500ED5A8B /* ProximaNova-RegularItalic.otf in Resources */ = {isa = PBXBuildFile; fileRef = F963AB4F1E5A172500ED5A8B /* ProximaNova-RegularItalic.otf */; };
		F963AB591E5A172500ED5A8B /* ProximaNova-Sbold.otf in Resources */ = {isa = PBXBuildFile; fileRef = F963AB501E5A172500ED5A8B /* ProximaNova-Sbold.otf */; };
		F963AB5A1E5A172500ED5A8B /* ProximaNova-SboldItalic.otf in Resources */ = {isa = PBXBuildFile; fileRef = F963AB511E5A172500ED5A8B /* ProximaNova-SboldItalic.otf */; };
		F963AB5D1E5A2F7D00ED5A8B /* SwiftyAttributes.swift in Sources */ = {isa = PBXBuildFile; fileRef = F963AB5C1E5A2F7D00ED5A8B /* SwiftyAttributes.swift */; };
		F963AB5F1E5A3C8400ED5A8B /* WebcamView.swift in Sources */ = {isa = PBXBuildFile; fileRef = F963AB5E1E5A3C8400ED5A8B /* WebcamView.swift */; };
		F963AB611E5A3C8C00ED5A8B /* WebcamView.xib in Resources */ = {isa = PBXBuildFile; fileRef = F963AB601E5A3C8C00ED5A8B /* WebcamView.xib */; };
		F963AB651E5A5DA800ED5A8B /* WebcamSectionViewController.swift in Sources */ = {isa = PBXBuildFile; fileRef = F963AB631E5A5DA800ED5A8B /* WebcamSectionViewController.swift */; };
		F963AB661E5A5DA800ED5A8B /* WebcamSectionViewController.xib in Resources */ = {isa = PBXBuildFile; fileRef = F963AB641E5A5DA800ED5A8B /* WebcamSectionViewController.xib */; };
		F963AB681E5A60F300ED5A8B /* WebcamSectionViewProvider.swift in Sources */ = {isa = PBXBuildFile; fileRef = F963AB671E5A60F300ED5A8B /* WebcamSectionViewProvider.swift */; };
		F963AB6B1E5A611600ED5A8B /* WebcamCollectionViewCell.swift in Sources */ = {isa = PBXBuildFile; fileRef = F963AB691E5A611600ED5A8B /* WebcamCollectionViewCell.swift */; };
		F963AB6C1E5A611600ED5A8B /* WebcamCollectionViewCell.xib in Resources */ = {isa = PBXBuildFile; fileRef = F963AB6A1E5A611600ED5A8B /* WebcamCollectionViewCell.xib */; };
		F963AB701E5A635800ED5A8B /* WebcamSectionHeaderView.swift in Sources */ = {isa = PBXBuildFile; fileRef = F963AB6E1E5A635800ED5A8B /* WebcamSectionHeaderView.swift */; };
		F963AB711E5A635800ED5A8B /* WebcamSectionHeaderView.xib in Resources */ = {isa = PBXBuildFile; fileRef = F963AB6F1E5A635800ED5A8B /* WebcamSectionHeaderView.xib */; };
		F963AB741E5A692E00ED5A8B /* WebcamSectionedView.swift in Sources */ = {isa = PBXBuildFile; fileRef = F963AB731E5A692E00ED5A8B /* WebcamSectionedView.swift */; };
		F963AB761E5A695300ED5A8B /* WebcamSectionedView.xib in Resources */ = {isa = PBXBuildFile; fileRef = F963AB751E5A695300ED5A8B /* WebcamSectionedView.xib */; };
		F963AB781E5A696500ED5A8B /* AbstractWebcamView.swift in Sources */ = {isa = PBXBuildFile; fileRef = F963AB771E5A696500ED5A8B /* AbstractWebcamView.swift */; };
		F963AB7B1E5A6E8300ED5A8B /* DateFormatterCache.swift in Sources */ = {isa = PBXBuildFile; fileRef = F963AB7A1E5A6E8300ED5A8B /* DateFormatterCache.swift */; };
		F9ACD1C21E5A834A004E5BFF /* SearchViewController.swift in Sources */ = {isa = PBXBuildFile; fileRef = F9ACD1C01E5A834A004E5BFF /* SearchViewController.swift */; };
		F9ACD1C31E5A834A004E5BFF /* SearchViewController.xib in Resources */ = {isa = PBXBuildFile; fileRef = F9ACD1C11E5A834A004E5BFF /* SearchViewController.xib */; };
		F9ACD1C61E5B08D6004E5BFF /* KeyboardLayoutConstraint.swift in Sources */ = {isa = PBXBuildFile; fileRef = F9ACD1C51E5B08D6004E5BFF /* KeyboardLayoutConstraint.swift */; };
		F9ACD1C81E5B0E37004E5BFF /* CGSizeExtension.swift in Sources */ = {isa = PBXBuildFile; fileRef = F9ACD1C71E5B0E37004E5BFF /* CGSizeExtension.swift */; };
		F9ACD1CA1E5B2130004E5BFF /* UIColorExtension.swift in Sources */ = {isa = PBXBuildFile; fileRef = F9ACD1C91E5B2130004E5BFF /* UIColorExtension.swift */; };
		F9ACD1CC1E5B227A004E5BFF /* UIImageExtension.swift in Sources */ = {isa = PBXBuildFile; fileRef = F9ACD1CB1E5B227A004E5BFF /* UIImageExtension.swift */; };
		F9ACD1CF1E5B3FBF004E5BFF /* OpeniumTestingKit.framework in Frameworks */ = {isa = PBXBuildFile; fileRef = F9ACD1CE1E5B3FBF004E5BFF /* OpeniumTestingKit.framework */; };
		F9ACD1D51E5B4039004E5BFF /* AbstractTests.swift in Sources */ = {isa = PBXBuildFile; fileRef = F9ACD1D31E5B4039004E5BFF /* AbstractTests.swift */; };
		F9ACD1D61E5B4039004E5BFF /* AbstractViewControllerTests.swift in Sources */ = {isa = PBXBuildFile; fileRef = F9ACD1D41E5B4039004E5BFF /* AbstractViewControllerTests.swift */; };
		F9ACD1D91E5B4097004E5BFF /* WebcamCarouselViewControllerTests.swift in Sources */ = {isa = PBXBuildFile; fileRef = F9ACD1D81E5B4097004E5BFF /* WebcamCarouselViewControllerTests.swift */; };
		F9ACD1DA1E5B40EE004E5BFF /* RealmSwift.framework in Frameworks */ = {isa = PBXBuildFile; fileRef = F963AB3C1E59E7FC00ED5A8B /* RealmSwift.framework */; };
		F9ACD1DE1E5C3A2E004E5BFF /* AlamofireNetworkActivityIndicator.framework in Frameworks */ = {isa = PBXBuildFile; fileRef = F9ACD1DD1E5C3A27004E5BFF /* AlamofireNetworkActivityIndicator.framework */; };
		F9ACD1DF1E5C3A2E004E5BFF /* AlamofireNetworkActivityIndicator.framework in Embed Frameworks */ = {isa = PBXBuildFile; fileRef = F9ACD1DD1E5C3A27004E5BFF /* AlamofireNetworkActivityIndicator.framework */; settings = {ATTRIBUTES = (CodeSignOnCopy, RemoveHeadersOnCopy, ); }; };
		F9ACD1E11E5C951C004E5BFF /* GoogleService-Info.plist in Resources */ = {isa = PBXBuildFile; fileRef = F9ACD1E01E5C951C004E5BFF /* GoogleService-Info.plist */; };
		F9ACD1E91E5C9B88004E5BFF /* FirebaseAnalytics.framework in Frameworks */ = {isa = PBXBuildFile; fileRef = F9ACD1E41E5C9B83004E5BFF /* FirebaseAnalytics.framework */; };
		F9ACD1EB1E5C9B88004E5BFF /* FirebaseInstanceID.framework in Frameworks */ = {isa = PBXBuildFile; fileRef = F9ACD1E51E5C9B83004E5BFF /* FirebaseInstanceID.framework */; };
		F9ACD1ED1E5C9B88004E5BFF /* GoogleInterchangeUtilities.framework in Frameworks */ = {isa = PBXBuildFile; fileRef = F9ACD1E61E5C9B83004E5BFF /* GoogleInterchangeUtilities.framework */; };
		F9ACD1EF1E5C9B88004E5BFF /* GoogleSymbolUtilities.framework in Frameworks */ = {isa = PBXBuildFile; fileRef = F9ACD1E71E5C9B83004E5BFF /* GoogleSymbolUtilities.framework */; };
		F9ACD1F11E5C9B88004E5BFF /* GoogleUtilities.framework in Frameworks */ = {isa = PBXBuildFile; fileRef = F9ACD1E81E5C9B83004E5BFF /* GoogleUtilities.framework */; };
		F9ACD1F81E5C9DD8004E5BFF /* libsqlite3.tbd in Frameworks */ = {isa = PBXBuildFile; fileRef = F9ACD1F71E5C9DD8004E5BFF /* libsqlite3.tbd */; };
		F9ACD1FA1E5C9DF5004E5BFF /* AddressBook.framework in Frameworks */ = {isa = PBXBuildFile; fileRef = F9ACD1F91E5C9DF5004E5BFF /* AddressBook.framework */; };
		F9ACD1FE1E5CA4B3004E5BFF /* Firebase.framework in Frameworks */ = {isa = PBXBuildFile; fileRef = F9ACD1F31E5C9C2A004E5BFF /* Firebase.framework */; };
		F9ACD1FF1E5CA4B3004E5BFF /* Firebase.framework in Embed Frameworks */ = {isa = PBXBuildFile; fileRef = F9ACD1F31E5C9C2A004E5BFF /* Firebase.framework */; settings = {ATTRIBUTES = (CodeSignOnCopy, RemoveHeadersOnCopy, ); }; };
		F9ACD2011E5CA8D8004E5BFF /* FIRAnalyticsExtension.swift in Sources */ = {isa = PBXBuildFile; fileRef = F9ACD2001E5CA8D8004E5BFF /* FIRAnalyticsExtension.swift */; };
		F9ACD2031E5CAAD5004E5BFF /* AnalyticsManager.swift in Sources */ = {isa = PBXBuildFile; fileRef = F9ACD2021E5CAAD5004E5BFF /* AnalyticsManager.swift */; };
		F9BE03091DD7817C0063275B /* AbstractRefreshViewController.swift in Sources */ = {isa = PBXBuildFile; fileRef = F9BE03081DD7817C0063275B /* AbstractRefreshViewController.swift */; };
		F9BE030C1DD78E4B0063275B /* KFIndicator.swift in Sources */ = {isa = PBXBuildFile; fileRef = F9BE030B1DD78E4B0063275B /* KFIndicator.swift */; };
		F9BE030F1DD8AC1B0063275B /* SettingsViewController.swift in Sources */ = {isa = PBXBuildFile; fileRef = F9BE030D1DD8AC1B0063275B /* SettingsViewController.swift */; };
		F9BE03101DD8AC1B0063275B /* SettingsViewController.xib in Resources */ = {isa = PBXBuildFile; fileRef = F9BE030E1DD8AC1B0063275B /* SettingsViewController.xib */; };
		F9BE03121DD8AF960063275B /* Eureka.framework in Frameworks */ = {isa = PBXBuildFile; fileRef = F9BE03111DD8AF8E0063275B /* Eureka.framework */; };
		F9BE03131DD8AF960063275B /* Eureka.framework in Embed Frameworks */ = {isa = PBXBuildFile; fileRef = F9BE03111DD8AF8E0063275B /* Eureka.framework */; settings = {ATTRIBUTES = (CodeSignOnCopy, RemoveHeadersOnCopy, ); }; };
		F9E858341E5D90D700F7C40D /* MailComposeViewController.swift in Sources */ = {isa = PBXBuildFile; fileRef = F9E858331E5D90D700F7C40D /* MailComposeViewController.swift */; };
		F9F5AC5E1DD31C9100D9FF83 /* AbstractViewController.swift in Sources */ = {isa = PBXBuildFile; fileRef = F9F5AC5C1DD31C9100D9FF83 /* AbstractViewController.swift */; };
		F9F5AC731DD33B6800D9FF83 /* Webcam.swift in Sources */ = {isa = PBXBuildFile; fileRef = F9F5AC721DD33B6800D9FF83 /* Webcam.swift */; };
		F9F5AC8A1DD344CC00D9FF83 /* Open Sans 300.ttf in Resources */ = {isa = PBXBuildFile; fileRef = F9F5AC7C1DD344CC00D9FF83 /* Open Sans 300.ttf */; };
		F9F5AC8B1DD344CC00D9FF83 /* Open Sans 300italic.ttf in Resources */ = {isa = PBXBuildFile; fileRef = F9F5AC7D1DD344CC00D9FF83 /* Open Sans 300italic.ttf */; };
		F9F5AC8C1DD344CC00D9FF83 /* Open Sans 600.ttf in Resources */ = {isa = PBXBuildFile; fileRef = F9F5AC7E1DD344CC00D9FF83 /* Open Sans 600.ttf */; };
		F9F5AC8D1DD344CC00D9FF83 /* Open Sans 600italic.ttf in Resources */ = {isa = PBXBuildFile; fileRef = F9F5AC7F1DD344CC00D9FF83 /* Open Sans 600italic.ttf */; };
		F9F5AC8E1DD344CC00D9FF83 /* Open Sans 700.ttf in Resources */ = {isa = PBXBuildFile; fileRef = F9F5AC801DD344CC00D9FF83 /* Open Sans 700.ttf */; };
		F9F5AC8F1DD344CC00D9FF83 /* Open Sans 700italic.ttf in Resources */ = {isa = PBXBuildFile; fileRef = F9F5AC811DD344CC00D9FF83 /* Open Sans 700italic.ttf */; };
		F9F5AC901DD344CC00D9FF83 /* Open Sans 800.ttf in Resources */ = {isa = PBXBuildFile; fileRef = F9F5AC821DD344CC00D9FF83 /* Open Sans 800.ttf */; };
		F9F5AC911DD344CC00D9FF83 /* Open Sans 800italic.ttf in Resources */ = {isa = PBXBuildFile; fileRef = F9F5AC831DD344CC00D9FF83 /* Open Sans 800italic.ttf */; };
		F9F5AC921DD344CC00D9FF83 /* Open Sans Condensed 300.ttf in Resources */ = {isa = PBXBuildFile; fileRef = F9F5AC841DD344CC00D9FF83 /* Open Sans Condensed 300.ttf */; };
		F9F5AC931DD344CC00D9FF83 /* Open Sans Condensed 300italic.ttf in Resources */ = {isa = PBXBuildFile; fileRef = F9F5AC851DD344CC00D9FF83 /* Open Sans Condensed 300italic.ttf */; };
		F9F5AC941DD344CC00D9FF83 /* Open Sans italic.ttf in Resources */ = {isa = PBXBuildFile; fileRef = F9F5AC861DD344CC00D9FF83 /* Open Sans italic.ttf */; };
		F9F5AC951DD344CC00D9FF83 /* Open Sans regular.ttf in Resources */ = {isa = PBXBuildFile; fileRef = F9F5AC871DD344CC00D9FF83 /* Open Sans regular.ttf */; };
		F9F5AC961DD344CC00D9FF83 /* Open Sans Condensed 700.ttf in Resources */ = {isa = PBXBuildFile; fileRef = F9F5AC891DD344CC00D9FF83 /* Open Sans Condensed 700.ttf */; };
		F9F5AC981DD34C8B00D9FF83 /* WebcamSection.swift in Sources */ = {isa = PBXBuildFile; fileRef = F9F5AC971DD34C8B00D9FF83 /* WebcamSection.swift */; };
		F9F5ACA21DD35DDD00D9FF83 /* WebcamDetailViewController.swift in Sources */ = {isa = PBXBuildFile; fileRef = F9F5ACA01DD35DDD00D9FF83 /* WebcamDetailViewController.swift */; };
		F9F5ACA31DD35DDD00D9FF83 /* WebcamDetailViewController.xib in Resources */ = {isa = PBXBuildFile; fileRef = F9F5ACA11DD35DDD00D9FF83 /* WebcamDetailViewController.xib */; };
/* End PBXBuildFile section */

/* Begin PBXContainerItemProxy section */
		F93C761E1DD11577005DEE66 /* PBXContainerItemProxy */ = {
			isa = PBXContainerItemProxy;
			containerPortal = F93C76011DD11577005DEE66 /* Project object */;
			proxyType = 1;
			remoteGlobalIDString = F93C76081DD11577005DEE66;
			remoteInfo = AuvergneWebcams;
		};
/* End PBXContainerItemProxy section */

/* Begin PBXCopyFilesBuildPhase section */
		F93C76491DD11AF1005DEE66 /* Embed Frameworks */ = {
			isa = PBXCopyFilesBuildPhase;
			buildActionMask = 2147483647;
			dstPath = "";
			dstSubfolderSpec = 10;
			files = (
				F93C76461DD11AF0005DEE66 /* Siren.framework in Embed Frameworks */,
				F93C76481DD11AF0005DEE66 /* SwiftyUserDefaults.framework in Embed Frameworks */,
				F94D7CEA1DFAE50200460CCD /* ActiveLabel.framework in Embed Frameworks */,
				F9ACD1FF1E5CA4B3004E5BFF /* Firebase.framework in Embed Frameworks */,
				F9ACD1DF1E5C3A2E004E5BFF /* AlamofireNetworkActivityIndicator.framework in Embed Frameworks */,
				F93C76421DD11AF0005DEE66 /* Kingfisher.framework in Embed Frameworks */,
				F963AB421E59E80900ED5A8B /* Realm.framework in Embed Frameworks */,
				F963AB401E59E80900ED5A8B /* AlamofireObjectMapper.framework in Embed Frameworks */,
				F963AB471E5A152100ED5A8B /* ObjectMapper.framework in Embed Frameworks */,
				F963AB441E59E80900ED5A8B /* RealmSwift.framework in Embed Frameworks */,
				F93C76441DD11AF0005DEE66 /* Reachability.framework in Embed Frameworks */,
				F9BE03131DD8AF960063275B /* Eureka.framework in Embed Frameworks */,
				F9022D9F1DD90032006AF146 /* SwiftiumKit.framework in Embed Frameworks */,
				F963AB3E1E59E80900ED5A8B /* Alamofire.framework in Embed Frameworks */,
			);
			name = "Embed Frameworks";
			runOnlyForDeploymentPostprocessing = 0;
		};
/* End PBXCopyFilesBuildPhase section */

/* Begin PBXFileReference section */
		F900E4CC1DE5DBA300B017BB /* NotificationNameExtension.swift */ = {isa = PBXFileReference; fileEncoding = 4; lastKnownFileType = sourcecode.swift; path = NotificationNameExtension.swift; sourceTree = "<group>"; };
		F9022D9D1DD90018006AF146 /* SwiftiumKit.framework */ = {isa = PBXFileReference; lastKnownFileType = wrapper.framework; name = SwiftiumKit.framework; path = Carthage/Build/iOS/SwiftiumKit.framework; sourceTree = "<group>"; };
		F9022DA01DD90601006AF146 /* DefaultsKeyExtension.swift */ = {isa = PBXFileReference; fileEncoding = 4; lastKnownFileType = sourcecode.swift; path = DefaultsKeyExtension.swift; sourceTree = "<group>"; };
		F911BBEA1DDC6066000C022B /* Fabric.framework */ = {isa = PBXFileReference; lastKnownFileType = wrapper.framework; path = Fabric.framework; sourceTree = "<group>"; };
		F911BBED1DDC6097000C022B /* Crashlytics.framework */ = {isa = PBXFileReference; lastKnownFileType = wrapper.framework; path = Crashlytics.framework; sourceTree = "<group>"; };
		F93C76091DD11577005DEE66 /* AuvergneWebcams.app */ = {isa = PBXFileReference; explicitFileType = wrapper.application; includeInIndex = 0; path = AuvergneWebcams.app; sourceTree = BUILT_PRODUCTS_DIR; };
		F93C760C1DD11577005DEE66 /* AppDelegate.swift */ = {isa = PBXFileReference; lastKnownFileType = sourcecode.swift; path = AppDelegate.swift; sourceTree = "<group>"; };
		F93C76131DD11577005DEE66 /* Assets.xcassets */ = {isa = PBXFileReference; lastKnownFileType = folder.assetcatalog; path = Assets.xcassets; sourceTree = "<group>"; };
		F93C76161DD11577005DEE66 /* Base */ = {isa = PBXFileReference; lastKnownFileType = file.storyboard; name = Base; path = Base.lproj/LaunchScreen.storyboard; sourceTree = "<group>"; };
		F93C76181DD11577005DEE66 /* Info.plist */ = {isa = PBXFileReference; lastKnownFileType = text.plist.xml; path = Info.plist; sourceTree = "<group>"; };
		F93C761D1DD11577005DEE66 /* AuvergneWebcamsTests.xctest */ = {isa = PBXFileReference; explicitFileType = wrapper.cfbundle; includeInIndex = 0; path = AuvergneWebcamsTests.xctest; sourceTree = BUILT_PRODUCTS_DIR; };
		F93C76231DD11577005DEE66 /* Info.plist */ = {isa = PBXFileReference; lastKnownFileType = text.plist.xml; path = Info.plist; sourceTree = "<group>"; };
		F93C762F1DD115EB005DEE66 /* Debug.xcconfig */ = {isa = PBXFileReference; lastKnownFileType = text.xcconfig; path = Debug.xcconfig; sourceTree = "<group>"; };
		F93C76301DD115EB005DEE66 /* Release.xcconfig */ = {isa = PBXFileReference; lastKnownFileType = text.xcconfig; path = Release.xcconfig; sourceTree = "<group>"; };
		F93C76321DD1175E005DEE66 /* Cartfile */ = {isa = PBXFileReference; lastKnownFileType = text; path = Cartfile; sourceTree = "<group>"; };
		F93C76341DD117DD005DEE66 /* scripts */ = {isa = PBXFileReference; lastKnownFileType = folder; path = scripts; sourceTree = "<group>"; };
		F93C76361DD1189A005DEE66 /* README.md */ = {isa = PBXFileReference; lastKnownFileType = net.daringfireball.markdown; path = README.md; sourceTree = "<group>"; };
		F93C76371DD118A2005DEE66 /* LICENSE */ = {isa = PBXFileReference; lastKnownFileType = text; path = LICENSE; sourceTree = "<group>"; };
		F93C76381DD11915005DEE66 /* Cartfile.resolved */ = {isa = PBXFileReference; lastKnownFileType = text; path = Cartfile.resolved; sourceTree = "<group>"; };
		F93C76391DD11ACE005DEE66 /* Kingfisher.framework */ = {isa = PBXFileReference; lastKnownFileType = wrapper.framework; name = Kingfisher.framework; path = Carthage/Build/iOS/Kingfisher.framework; sourceTree = "<group>"; };
		F93C763A1DD11ACE005DEE66 /* Reachability.framework */ = {isa = PBXFileReference; lastKnownFileType = wrapper.framework; name = Reachability.framework; path = Carthage/Build/iOS/Reachability.framework; sourceTree = "<group>"; };
		F93C763B1DD11ACE005DEE66 /* Siren.framework */ = {isa = PBXFileReference; lastKnownFileType = wrapper.framework; name = Siren.framework; path = Carthage/Build/iOS/Siren.framework; sourceTree = "<group>"; };
		F93C763C1DD11ACE005DEE66 /* SwiftyUserDefaults.framework */ = {isa = PBXFileReference; lastKnownFileType = wrapper.framework; name = SwiftyUserDefaults.framework; path = Carthage/Build/iOS/SwiftyUserDefaults.framework; sourceTree = "<group>"; };
		F94D7CE31DFABF6000460CCD /* AboutViewController.swift */ = {isa = PBXFileReference; fileEncoding = 4; lastKnownFileType = sourcecode.swift; path = AboutViewController.swift; sourceTree = "<group>"; };
		F94D7CE41DFABF6000460CCD /* AboutViewController.xib */ = {isa = PBXFileReference; fileEncoding = 4; lastKnownFileType = file.xib; path = AboutViewController.xib; sourceTree = "<group>"; };
		F94D7CE71DFAE4FC00460CCD /* ActiveLabel.framework */ = {isa = PBXFileReference; lastKnownFileType = wrapper.framework; name = ActiveLabel.framework; path = Carthage/Build/iOS/ActiveLabel.framework; sourceTree = "<group>"; };
		F94FEEAC1DD4764100586F54 /* NavigationController.swift */ = {isa = PBXFileReference; fileEncoding = 4; lastKnownFileType = sourcecode.swift; path = NavigationController.swift; sourceTree = "<group>"; };
		F94FEEAF1DD4765A00586F54 /* UIFontExtension.swift */ = {isa = PBXFileReference; fileEncoding = 4; lastKnownFileType = sourcecode.swift; path = UIFontExtension.swift; sourceTree = "<group>"; };
		F96276181DDB6A5D0090A9AB /* UITableViewCellExtension.swift */ = {isa = PBXFileReference; fileEncoding = 4; lastKnownFileType = sourcecode.swift; path = UITableViewCellExtension.swift; sourceTree = "<group>"; };
		F963AB111E59BDF900ED5A8B /* LoadingViewController.swift */ = {isa = PBXFileReference; fileEncoding = 4; lastKnownFileType = sourcecode.swift; path = LoadingViewController.swift; sourceTree = "<group>"; };
		F963AB121E59BDF900ED5A8B /* LoadingViewController.xib */ = {isa = PBXFileReference; fileEncoding = 4; lastKnownFileType = file.xib; path = LoadingViewController.xib; sourceTree = "<group>"; };
		F963AB161E59C05100ED5A8B /* iCarousel.h */ = {isa = PBXFileReference; fileEncoding = 4; lastKnownFileType = sourcecode.c.h; path = iCarousel.h; sourceTree = "<group>"; };
		F963AB171E59C05100ED5A8B /* iCarousel.m */ = {isa = PBXFileReference; fileEncoding = 4; lastKnownFileType = sourcecode.c.objc; path = iCarousel.m; sourceTree = "<group>"; };
		F963AB1A1E59C6EA00ED5A8B /* Bridging-Header.h */ = {isa = PBXFileReference; lastKnownFileType = sourcecode.c.h; path = "Bridging-Header.h"; sourceTree = "<group>"; };
		F963AB1B1E59C8C400ED5A8B /* WebcamCarouselViewController.swift */ = {isa = PBXFileReference; fileEncoding = 4; lastKnownFileType = sourcecode.swift; path = WebcamCarouselViewController.swift; sourceTree = "<group>"; };
		F963AB1C1E59C8C400ED5A8B /* WebcamCarouselViewController.xib */ = {isa = PBXFileReference; fileEncoding = 4; lastKnownFileType = file.xib; path = WebcamCarouselViewController.xib; sourceTree = "<group>"; };
		F963AB1F1E59CE6300ED5A8B /* WebcamCarouselTableViewCell.swift */ = {isa = PBXFileReference; fileEncoding = 4; lastKnownFileType = sourcecode.swift; path = WebcamCarouselTableViewCell.swift; sourceTree = "<group>"; };
		F963AB201E59CE6300ED5A8B /* WebcamCarouselTableViewCell.xib */ = {isa = PBXFileReference; fileEncoding = 4; lastKnownFileType = file.xib; path = WebcamCarouselTableViewCell.xib; sourceTree = "<group>"; };
		F963AB2D1E59D07800ED5A8B /* AbstractArrayViewProvider.swift */ = {isa = PBXFileReference; fileEncoding = 4; lastKnownFileType = sourcecode.swift; path = AbstractArrayViewProvider.swift; sourceTree = "<group>"; };
		F963AB2E1E59D07800ED5A8B /* AbstractEnumeratableViewProvider.swift */ = {isa = PBXFileReference; fileEncoding = 4; lastKnownFileType = sourcecode.swift; path = AbstractEnumeratableViewProvider.swift; sourceTree = "<group>"; };
		F963AB301E59D07800ED5A8B /* AbstractSectionedEnumeratableViewProvider.swift */ = {isa = PBXFileReference; fileEncoding = 4; lastKnownFileType = sourcecode.swift; path = AbstractSectionedEnumeratableViewProvider.swift; sourceTree = "<group>"; };
		F963AB311E59D07800ED5A8B /* AbstractViewProvider.swift */ = {isa = PBXFileReference; fileEncoding = 4; lastKnownFileType = sourcecode.swift; path = AbstractViewProvider.swift; sourceTree = "<group>"; };
		F963AB371E59E54300ED5A8B /* UIViewExtension.swift */ = {isa = PBXFileReference; fileEncoding = 4; lastKnownFileType = sourcecode.swift; path = UIViewExtension.swift; sourceTree = "<group>"; };
		F963AB391E59E7FC00ED5A8B /* Alamofire.framework */ = {isa = PBXFileReference; lastKnownFileType = wrapper.framework; name = Alamofire.framework; path = Carthage/Build/iOS/Alamofire.framework; sourceTree = "<group>"; };
		F963AB3A1E59E7FC00ED5A8B /* AlamofireObjectMapper.framework */ = {isa = PBXFileReference; lastKnownFileType = wrapper.framework; name = AlamofireObjectMapper.framework; path = Carthage/Build/iOS/AlamofireObjectMapper.framework; sourceTree = "<group>"; };
		F963AB3B1E59E7FC00ED5A8B /* Realm.framework */ = {isa = PBXFileReference; lastKnownFileType = wrapper.framework; name = Realm.framework; path = Carthage/Build/iOS/Realm.framework; sourceTree = "<group>"; };
		F963AB3C1E59E7FC00ED5A8B /* RealmSwift.framework */ = {isa = PBXFileReference; lastKnownFileType = wrapper.framework; name = RealmSwift.framework; path = Carthage/Build/iOS/RealmSwift.framework; sourceTree = "<group>"; };
		F963AB451E5A151900ED5A8B /* ObjectMapper.framework */ = {isa = PBXFileReference; lastKnownFileType = wrapper.framework; name = ObjectMapper.framework; path = Carthage/Build/iOS/ObjectMapper.framework; sourceTree = "<group>"; };
		F963AB491E5A172500ED5A8B /* ProximaNova-Black.otf */ = {isa = PBXFileReference; lastKnownFileType = file; path = "ProximaNova-Black.otf"; sourceTree = "<group>"; };
		F963AB4A1E5A172500ED5A8B /* ProximaNova-Bold.otf */ = {isa = PBXFileReference; lastKnownFileType = file; path = "ProximaNova-Bold.otf"; sourceTree = "<group>"; };
		F963AB4B1E5A172500ED5A8B /* ProximaNova-Extrabold.otf */ = {isa = PBXFileReference; lastKnownFileType = file; path = "ProximaNova-Extrabold.otf"; sourceTree = "<group>"; };
		F963AB4C1E5A172500ED5A8B /* ProximaNova-Light.otf */ = {isa = PBXFileReference; lastKnownFileType = file; path = "ProximaNova-Light.otf"; sourceTree = "<group>"; };
		F963AB4D1E5A172500ED5A8B /* ProximaNova-LightItalic.otf */ = {isa = PBXFileReference; lastKnownFileType = file; path = "ProximaNova-LightItalic.otf"; sourceTree = "<group>"; };
		F963AB4E1E5A172500ED5A8B /* ProximaNova-Regular.otf */ = {isa = PBXFileReference; lastKnownFileType = file; path = "ProximaNova-Regular.otf"; sourceTree = "<group>"; };
		F963AB4F1E5A172500ED5A8B /* ProximaNova-RegularItalic.otf */ = {isa = PBXFileReference; lastKnownFileType = file; path = "ProximaNova-RegularItalic.otf"; sourceTree = "<group>"; };
		F963AB501E5A172500ED5A8B /* ProximaNova-Sbold.otf */ = {isa = PBXFileReference; lastKnownFileType = file; path = "ProximaNova-Sbold.otf"; sourceTree = "<group>"; };
		F963AB511E5A172500ED5A8B /* ProximaNova-SboldItalic.otf */ = {isa = PBXFileReference; lastKnownFileType = file; path = "ProximaNova-SboldItalic.otf"; sourceTree = "<group>"; };
		F963AB5C1E5A2F7D00ED5A8B /* SwiftyAttributes.swift */ = {isa = PBXFileReference; fileEncoding = 4; lastKnownFileType = sourcecode.swift; path = SwiftyAttributes.swift; sourceTree = "<group>"; };
		F963AB5E1E5A3C8400ED5A8B /* WebcamView.swift */ = {isa = PBXFileReference; fileEncoding = 4; lastKnownFileType = sourcecode.swift; path = WebcamView.swift; sourceTree = "<group>"; };
		F963AB601E5A3C8C00ED5A8B /* WebcamView.xib */ = {isa = PBXFileReference; fileEncoding = 4; lastKnownFileType = file.xib; path = WebcamView.xib; sourceTree = "<group>"; };
		F963AB631E5A5DA800ED5A8B /* WebcamSectionViewController.swift */ = {isa = PBXFileReference; fileEncoding = 4; lastKnownFileType = sourcecode.swift; path = WebcamSectionViewController.swift; sourceTree = "<group>"; };
		F963AB641E5A5DA800ED5A8B /* WebcamSectionViewController.xib */ = {isa = PBXFileReference; fileEncoding = 4; lastKnownFileType = file.xib; path = WebcamSectionViewController.xib; sourceTree = "<group>"; };
		F963AB671E5A60F300ED5A8B /* WebcamSectionViewProvider.swift */ = {isa = PBXFileReference; fileEncoding = 4; lastKnownFileType = sourcecode.swift; path = WebcamSectionViewProvider.swift; sourceTree = "<group>"; };
		F963AB691E5A611600ED5A8B /* WebcamCollectionViewCell.swift */ = {isa = PBXFileReference; fileEncoding = 4; lastKnownFileType = sourcecode.swift; path = WebcamCollectionViewCell.swift; sourceTree = "<group>"; };
		F963AB6A1E5A611600ED5A8B /* WebcamCollectionViewCell.xib */ = {isa = PBXFileReference; fileEncoding = 4; lastKnownFileType = file.xib; path = WebcamCollectionViewCell.xib; sourceTree = "<group>"; };
		F963AB6E1E5A635800ED5A8B /* WebcamSectionHeaderView.swift */ = {isa = PBXFileReference; fileEncoding = 4; lastKnownFileType = sourcecode.swift; path = WebcamSectionHeaderView.swift; sourceTree = "<group>"; };
		F963AB6F1E5A635800ED5A8B /* WebcamSectionHeaderView.xib */ = {isa = PBXFileReference; fileEncoding = 4; lastKnownFileType = file.xib; path = WebcamSectionHeaderView.xib; sourceTree = "<group>"; };
		F963AB731E5A692E00ED5A8B /* WebcamSectionedView.swift */ = {isa = PBXFileReference; fileEncoding = 4; lastKnownFileType = sourcecode.swift; path = WebcamSectionedView.swift; sourceTree = "<group>"; };
		F963AB751E5A695300ED5A8B /* WebcamSectionedView.xib */ = {isa = PBXFileReference; fileEncoding = 4; lastKnownFileType = file.xib; path = WebcamSectionedView.xib; sourceTree = "<group>"; };
		F963AB771E5A696500ED5A8B /* AbstractWebcamView.swift */ = {isa = PBXFileReference; fileEncoding = 4; lastKnownFileType = sourcecode.swift; path = AbstractWebcamView.swift; sourceTree = "<group>"; };
		F963AB7A1E5A6E8300ED5A8B /* DateFormatterCache.swift */ = {isa = PBXFileReference; fileEncoding = 4; lastKnownFileType = sourcecode.swift; path = DateFormatterCache.swift; sourceTree = "<group>"; };
		F9ACD1C01E5A834A004E5BFF /* SearchViewController.swift */ = {isa = PBXFileReference; fileEncoding = 4; lastKnownFileType = sourcecode.swift; path = SearchViewController.swift; sourceTree = "<group>"; };
		F9ACD1C11E5A834A004E5BFF /* SearchViewController.xib */ = {isa = PBXFileReference; fileEncoding = 4; lastKnownFileType = file.xib; path = SearchViewController.xib; sourceTree = "<group>"; };
		F9ACD1C51E5B08D6004E5BFF /* KeyboardLayoutConstraint.swift */ = {isa = PBXFileReference; fileEncoding = 4; lastKnownFileType = sourcecode.swift; path = KeyboardLayoutConstraint.swift; sourceTree = "<group>"; };
		F9ACD1C71E5B0E37004E5BFF /* CGSizeExtension.swift */ = {isa = PBXFileReference; fileEncoding = 4; lastKnownFileType = sourcecode.swift; path = CGSizeExtension.swift; sourceTree = "<group>"; };
		F9ACD1C91E5B2130004E5BFF /* UIColorExtension.swift */ = {isa = PBXFileReference; fileEncoding = 4; lastKnownFileType = sourcecode.swift; path = UIColorExtension.swift; sourceTree = "<group>"; };
		F9ACD1CB1E5B227A004E5BFF /* UIImageExtension.swift */ = {isa = PBXFileReference; fileEncoding = 4; lastKnownFileType = sourcecode.swift; path = UIImageExtension.swift; sourceTree = "<group>"; };
		F9ACD1CE1E5B3FBF004E5BFF /* OpeniumTestingKit.framework */ = {isa = PBXFileReference; lastKnownFileType = wrapper.framework; path = OpeniumTestingKit.framework; sourceTree = "<group>"; };
		F9ACD1D31E5B4039004E5BFF /* AbstractTests.swift */ = {isa = PBXFileReference; fileEncoding = 4; lastKnownFileType = sourcecode.swift; path = AbstractTests.swift; sourceTree = "<group>"; };
		F9ACD1D41E5B4039004E5BFF /* AbstractViewControllerTests.swift */ = {isa = PBXFileReference; fileEncoding = 4; lastKnownFileType = sourcecode.swift; path = AbstractViewControllerTests.swift; sourceTree = "<group>"; };
		F9ACD1D81E5B4097004E5BFF /* WebcamCarouselViewControllerTests.swift */ = {isa = PBXFileReference; fileEncoding = 4; lastKnownFileType = sourcecode.swift; path = WebcamCarouselViewControllerTests.swift; sourceTree = "<group>"; };
		F9ACD1DD1E5C3A27004E5BFF /* AlamofireNetworkActivityIndicator.framework */ = {isa = PBXFileReference; lastKnownFileType = wrapper.framework; name = AlamofireNetworkActivityIndicator.framework; path = Carthage/Build/iOS/AlamofireNetworkActivityIndicator.framework; sourceTree = "<group>"; };
		F9ACD1E01E5C951C004E5BFF /* GoogleService-Info.plist */ = {isa = PBXFileReference; fileEncoding = 4; lastKnownFileType = text.plist.xml; path = "GoogleService-Info.plist"; sourceTree = "<group>"; };
		F9ACD1E41E5C9B83004E5BFF /* FirebaseAnalytics.framework */ = {isa = PBXFileReference; lastKnownFileType = wrapper.framework; name = FirebaseAnalytics.framework; path = Carthage/Build/iOS/FirebaseAnalytics.framework; sourceTree = "<group>"; };
		F9ACD1E51E5C9B83004E5BFF /* FirebaseInstanceID.framework */ = {isa = PBXFileReference; lastKnownFileType = wrapper.framework; name = FirebaseInstanceID.framework; path = Carthage/Build/iOS/FirebaseInstanceID.framework; sourceTree = "<group>"; };
		F9ACD1E61E5C9B83004E5BFF /* GoogleInterchangeUtilities.framework */ = {isa = PBXFileReference; lastKnownFileType = wrapper.framework; name = GoogleInterchangeUtilities.framework; path = Carthage/Build/iOS/GoogleInterchangeUtilities.framework; sourceTree = "<group>"; };
		F9ACD1E71E5C9B83004E5BFF /* GoogleSymbolUtilities.framework */ = {isa = PBXFileReference; lastKnownFileType = wrapper.framework; name = GoogleSymbolUtilities.framework; path = Carthage/Build/iOS/GoogleSymbolUtilities.framework; sourceTree = "<group>"; };
		F9ACD1E81E5C9B83004E5BFF /* GoogleUtilities.framework */ = {isa = PBXFileReference; lastKnownFileType = wrapper.framework; name = GoogleUtilities.framework; path = Carthage/Build/iOS/GoogleUtilities.framework; sourceTree = "<group>"; };
		F9ACD1F31E5C9C2A004E5BFF /* Firebase.framework */ = {isa = PBXFileReference; lastKnownFileType = wrapper.framework; name = Firebase.framework; path = Carthage/Build/iOS/Firebase.framework; sourceTree = "<group>"; };
		F9ACD1F71E5C9DD8004E5BFF /* libsqlite3.tbd */ = {isa = PBXFileReference; lastKnownFileType = "sourcecode.text-based-dylib-definition"; name = libsqlite3.tbd; path = usr/lib/libsqlite3.tbd; sourceTree = SDKROOT; };
		F9ACD1F91E5C9DF5004E5BFF /* AddressBook.framework */ = {isa = PBXFileReference; lastKnownFileType = wrapper.framework; name = AddressBook.framework; path = System/Library/Frameworks/AddressBook.framework; sourceTree = SDKROOT; };
		F9ACD2001E5CA8D8004E5BFF /* FIRAnalyticsExtension.swift */ = {isa = PBXFileReference; fileEncoding = 4; lastKnownFileType = sourcecode.swift; path = FIRAnalyticsExtension.swift; sourceTree = "<group>"; };
		F9ACD2021E5CAAD5004E5BFF /* AnalyticsManager.swift */ = {isa = PBXFileReference; fileEncoding = 4; lastKnownFileType = sourcecode.swift; path = AnalyticsManager.swift; sourceTree = "<group>"; };
		F9BE03081DD7817C0063275B /* AbstractRefreshViewController.swift */ = {isa = PBXFileReference; fileEncoding = 4; lastKnownFileType = sourcecode.swift; path = AbstractRefreshViewController.swift; sourceTree = "<group>"; };
		F9BE030B1DD78E4B0063275B /* KFIndicator.swift */ = {isa = PBXFileReference; fileEncoding = 4; lastKnownFileType = sourcecode.swift; path = KFIndicator.swift; sourceTree = "<group>"; };
		F9BE030D1DD8AC1B0063275B /* SettingsViewController.swift */ = {isa = PBXFileReference; fileEncoding = 4; lastKnownFileType = sourcecode.swift; path = SettingsViewController.swift; sourceTree = "<group>"; };
		F9BE030E1DD8AC1B0063275B /* SettingsViewController.xib */ = {isa = PBXFileReference; fileEncoding = 4; lastKnownFileType = file.xib; path = SettingsViewController.xib; sourceTree = "<group>"; };
		F9BE03111DD8AF8E0063275B /* Eureka.framework */ = {isa = PBXFileReference; lastKnownFileType = wrapper.framework; name = Eureka.framework; path = Carthage/Build/iOS/Eureka.framework; sourceTree = "<group>"; };
		F9E858331E5D90D700F7C40D /* MailComposeViewController.swift */ = {isa = PBXFileReference; fileEncoding = 4; lastKnownFileType = sourcecode.swift; path = MailComposeViewController.swift; sourceTree = "<group>"; };
		F9F5AC5C1DD31C9100D9FF83 /* AbstractViewController.swift */ = {isa = PBXFileReference; fileEncoding = 4; lastKnownFileType = sourcecode.swift; path = AbstractViewController.swift; sourceTree = "<group>"; };
		F9F5AC721DD33B6800D9FF83 /* Webcam.swift */ = {isa = PBXFileReference; fileEncoding = 4; lastKnownFileType = sourcecode.swift; path = Webcam.swift; sourceTree = "<group>"; };
		F9F5AC7C1DD344CC00D9FF83 /* Open Sans 300.ttf */ = {isa = PBXFileReference; lastKnownFileType = file; path = "Open Sans 300.ttf"; sourceTree = "<group>"; };
		F9F5AC7D1DD344CC00D9FF83 /* Open Sans 300italic.ttf */ = {isa = PBXFileReference; lastKnownFileType = file; path = "Open Sans 300italic.ttf"; sourceTree = "<group>"; };
		F9F5AC7E1DD344CC00D9FF83 /* Open Sans 600.ttf */ = {isa = PBXFileReference; lastKnownFileType = file; path = "Open Sans 600.ttf"; sourceTree = "<group>"; };
		F9F5AC7F1DD344CC00D9FF83 /* Open Sans 600italic.ttf */ = {isa = PBXFileReference; lastKnownFileType = file; path = "Open Sans 600italic.ttf"; sourceTree = "<group>"; };
		F9F5AC801DD344CC00D9FF83 /* Open Sans 700.ttf */ = {isa = PBXFileReference; lastKnownFileType = file; path = "Open Sans 700.ttf"; sourceTree = "<group>"; };
		F9F5AC811DD344CC00D9FF83 /* Open Sans 700italic.ttf */ = {isa = PBXFileReference; lastKnownFileType = file; path = "Open Sans 700italic.ttf"; sourceTree = "<group>"; };
		F9F5AC821DD344CC00D9FF83 /* Open Sans 800.ttf */ = {isa = PBXFileReference; lastKnownFileType = file; path = "Open Sans 800.ttf"; sourceTree = "<group>"; };
		F9F5AC831DD344CC00D9FF83 /* Open Sans 800italic.ttf */ = {isa = PBXFileReference; lastKnownFileType = file; path = "Open Sans 800italic.ttf"; sourceTree = "<group>"; };
		F9F5AC841DD344CC00D9FF83 /* Open Sans Condensed 300.ttf */ = {isa = PBXFileReference; lastKnownFileType = file; path = "Open Sans Condensed 300.ttf"; sourceTree = "<group>"; };
		F9F5AC851DD344CC00D9FF83 /* Open Sans Condensed 300italic.ttf */ = {isa = PBXFileReference; lastKnownFileType = file; path = "Open Sans Condensed 300italic.ttf"; sourceTree = "<group>"; };
		F9F5AC861DD344CC00D9FF83 /* Open Sans italic.ttf */ = {isa = PBXFileReference; lastKnownFileType = file; path = "Open Sans italic.ttf"; sourceTree = "<group>"; };
		F9F5AC871DD344CC00D9FF83 /* Open Sans regular.ttf */ = {isa = PBXFileReference; lastKnownFileType = file; path = "Open Sans regular.ttf"; sourceTree = "<group>"; };
		F9F5AC891DD344CC00D9FF83 /* Open Sans Condensed 700.ttf */ = {isa = PBXFileReference; lastKnownFileType = file; path = "Open Sans Condensed 700.ttf"; sourceTree = "<group>"; };
		F9F5AC971DD34C8B00D9FF83 /* WebcamSection.swift */ = {isa = PBXFileReference; fileEncoding = 4; lastKnownFileType = sourcecode.swift; path = WebcamSection.swift; sourceTree = "<group>"; };
		F9F5ACA01DD35DDD00D9FF83 /* WebcamDetailViewController.swift */ = {isa = PBXFileReference; fileEncoding = 4; lastKnownFileType = sourcecode.swift; path = WebcamDetailViewController.swift; sourceTree = "<group>"; };
		F9F5ACA11DD35DDD00D9FF83 /* WebcamDetailViewController.xib */ = {isa = PBXFileReference; fileEncoding = 4; lastKnownFileType = file.xib; path = WebcamDetailViewController.xib; sourceTree = "<group>"; };
/* End PBXFileReference section */

/* Begin PBXFrameworksBuildPhase section */
		F93C76061DD11577005DEE66 /* Frameworks */ = {
			isa = PBXFrameworksBuildPhase;
			buildActionMask = 2147483647;
			files = (
				F9ACD1FA1E5C9DF5004E5BFF /* AddressBook.framework in Frameworks */,
				F9ACD1F81E5C9DD8004E5BFF /* libsqlite3.tbd in Frameworks */,
				F9ACD1E91E5C9B88004E5BFF /* FirebaseAnalytics.framework in Frameworks */,
				F963AB431E59E80900ED5A8B /* RealmSwift.framework in Frameworks */,
				F963AB411E59E80900ED5A8B /* Realm.framework in Frameworks */,
				F9ACD1DE1E5C3A2E004E5BFF /* AlamofireNetworkActivityIndicator.framework in Frameworks */,
				F9ACD1EF1E5C9B88004E5BFF /* GoogleSymbolUtilities.framework in Frameworks */,
				F911BBEB1DDC6066000C022B /* Fabric.framework in Frameworks */,
				F963AB3F1E59E80900ED5A8B /* AlamofireObjectMapper.framework in Frameworks */,
				F93C76451DD11AF0005DEE66 /* Siren.framework in Frameworks */,
				F911BBEE1DDC6097000C022B /* Crashlytics.framework in Frameworks */,
				F963AB461E5A152100ED5A8B /* ObjectMapper.framework in Frameworks */,
				F9ACD1FE1E5CA4B3004E5BFF /* Firebase.framework in Frameworks */,
				F9ACD1ED1E5C9B88004E5BFF /* GoogleInterchangeUtilities.framework in Frameworks */,
				F963AB3D1E59E80900ED5A8B /* Alamofire.framework in Frameworks */,
				F93C76471DD11AF0005DEE66 /* SwiftyUserDefaults.framework in Frameworks */,
				F93C76411DD11AF0005DEE66 /* Kingfisher.framework in Frameworks */,
				F9ACD1EB1E5C9B88004E5BFF /* FirebaseInstanceID.framework in Frameworks */,
				F93C76431DD11AF0005DEE66 /* Reachability.framework in Frameworks */,
				F9BE03121DD8AF960063275B /* Eureka.framework in Frameworks */,
				F94D7CE91DFAE50200460CCD /* ActiveLabel.framework in Frameworks */,
				F9ACD1F11E5C9B88004E5BFF /* GoogleUtilities.framework in Frameworks */,
				F9022D9E1DD90032006AF146 /* SwiftiumKit.framework in Frameworks */,
			);
			runOnlyForDeploymentPostprocessing = 0;
		};
		F93C761A1DD11577005DEE66 /* Frameworks */ = {
			isa = PBXFrameworksBuildPhase;
			buildActionMask = 2147483647;
			files = (
				F9ACD1DA1E5B40EE004E5BFF /* RealmSwift.framework in Frameworks */,
				F9ACD1CF1E5B3FBF004E5BFF /* OpeniumTestingKit.framework in Frameworks */,
			);
			runOnlyForDeploymentPostprocessing = 0;
		};
/* End PBXFrameworksBuildPhase section */

/* Begin PBXGroup section */
		F911BBE81DDC6066000C022B /* Vendor */ = {
			isa = PBXGroup;
			children = (
				F9ACD1CD1E5B3FBF004E5BFF /* OpeniumTestingKit */,
				F963AB5B1E5A2F7D00ED5A8B /* SwiftyAttributes */,
				F963AB151E59C05100ED5A8B /* iCarousel */,
				F911BBE91DDC6066000C022B /* Fabric */,
			);
			path = Vendor;
			sourceTree = "<group>";
		};
		F911BBE91DDC6066000C022B /* Fabric */ = {
			isa = PBXGroup;
			children = (
				F911BBED1DDC6097000C022B /* Crashlytics.framework */,
				F911BBEA1DDC6066000C022B /* Fabric.framework */,
			);
			path = Fabric;
			sourceTree = "<group>";
		};
		F93C76001DD11577005DEE66 = {
			isa = PBXGroup;
			children = (
				F93C76351DD11892005DEE66 /* doc */,
				F93C76341DD117DD005DEE66 /* scripts */,
				F911BBE81DDC6066000C022B /* Vendor */,
				F9ACD1F61E5C9DD8004E5BFF /* Frameworks */,
				F93C76311DD1169C005DEE66 /* Carthage */,
				F93C760B1DD11577005DEE66 /* AuvergneWebcams */,
				F93C76201DD11577005DEE66 /* AuvergneWebcamsTests */,
				F93C760A1DD11577005DEE66 /* Products */,
			);
			sourceTree = "<group>";
		};
		F93C760A1DD11577005DEE66 /* Products */ = {
			isa = PBXGroup;
			children = (
				F93C76091DD11577005DEE66 /* AuvergneWebcams.app */,
				F93C761D1DD11577005DEE66 /* AuvergneWebcamsTests.xctest */,
			);
			name = Products;
			sourceTree = "<group>";
		};
		F93C760B1DD11577005DEE66 /* AuvergneWebcams */ = {
			isa = PBXGroup;
			children = (
				F93C762C1DD1159B005DEE66 /* Classes */,
				F93C762D1DD115A0005DEE66 /* Resources */,
				F93C762E1DD115B0005DEE66 /* Supporting Files */,
			);
			path = AuvergneWebcams;
			sourceTree = "<group>";
		};
		F93C76201DD11577005DEE66 /* AuvergneWebcamsTests */ = {
			isa = PBXGroup;
			children = (
				F9ACD1D01E5B400A004E5BFF /* Classes */,
				F9ACD1D11E5B400E004E5BFF /* Resources */,
			);
			path = AuvergneWebcamsTests;
			sourceTree = "<group>";
		};
		F93C762C1DD1159B005DEE66 /* Classes */ = {
			isa = PBXGroup;
			children = (
				F93C760C1DD11577005DEE66 /* AppDelegate.swift */,
				F94FEEAE1DD4764A00586F54 /* Extensions */,
				F9ACD1C41E5B08C8004E5BFF /* Constraint */,
				F9F5AC591DD3196E00D9FF83 /* Controllers */,
				F9F5AC5A1DD3197300D9FF83 /* Views */,
				F9F5AC711DD33B5300D9FF83 /* Model */,
				F963AB791E5A6E6E00ED5A8B /* Utils */,
			);
			name = Classes;
			sourceTree = "<group>";
		};
		F93C762D1DD115A0005DEE66 /* Resources */ = {
			isa = PBXGroup;
			children = (
				F9F5AC7A1DD344CC00D9FF83 /* fonts */,
				F93C76131DD11577005DEE66 /* Assets.xcassets */,
				F93C76151DD11577005DEE66 /* LaunchScreen.storyboard */,
			);
			name = Resources;
			sourceTree = "<group>";
		};
		F93C762E1DD115B0005DEE66 /* Supporting Files */ = {
			isa = PBXGroup;
			children = (
				F93C762F1DD115EB005DEE66 /* Debug.xcconfig */,
				F93C76301DD115EB005DEE66 /* Release.xcconfig */,
				F93C76181DD11577005DEE66 /* Info.plist */,
				F9ACD1E01E5C951C004E5BFF /* GoogleService-Info.plist */,
				F963AB1A1E59C6EA00ED5A8B /* Bridging-Header.h */,
			);
			name = "Supporting Files";
			sourceTree = "<group>";
		};
		F93C76311DD1169C005DEE66 /* Carthage */ = {
			isa = PBXGroup;
			children = (
				F93C76321DD1175E005DEE66 /* Cartfile */,
				F93C76381DD11915005DEE66 /* Cartfile.resolved */,
				F9ACD1E31E5C9B74004E5BFF /* Firebase */,
				F9ACD1DD1E5C3A27004E5BFF /* AlamofireNetworkActivityIndicator.framework */,
				F963AB451E5A151900ED5A8B /* ObjectMapper.framework */,
				F963AB391E59E7FC00ED5A8B /* Alamofire.framework */,
				F963AB3A1E59E7FC00ED5A8B /* AlamofireObjectMapper.framework */,
				F963AB3B1E59E7FC00ED5A8B /* Realm.framework */,
				F963AB3C1E59E7FC00ED5A8B /* RealmSwift.framework */,
				F94D7CE71DFAE4FC00460CCD /* ActiveLabel.framework */,
				F9022D9D1DD90018006AF146 /* SwiftiumKit.framework */,
				F9BE03111DD8AF8E0063275B /* Eureka.framework */,
				F93C76391DD11ACE005DEE66 /* Kingfisher.framework */,
				F93C763A1DD11ACE005DEE66 /* Reachability.framework */,
				F93C763B1DD11ACE005DEE66 /* Siren.framework */,
				F93C763C1DD11ACE005DEE66 /* SwiftyUserDefaults.framework */,
			);
			name = Carthage;
			sourceTree = "<group>";
		};
		F93C76351DD11892005DEE66 /* doc */ = {
			isa = PBXGroup;
			children = (
				F93C76371DD118A2005DEE66 /* LICENSE */,
				F93C76361DD1189A005DEE66 /* README.md */,
			);
			name = doc;
			sourceTree = "<group>";
		};
		F94FEEAB1DD4763900586F54 /* Containers */ = {
			isa = PBXGroup;
			children = (
				F94FEEAC1DD4764100586F54 /* NavigationController.swift */,
			);
			name = Containers;
			sourceTree = "<group>";
		};
		F94FEEAE1DD4764A00586F54 /* Extensions */ = {
			isa = PBXGroup;
			children = (
				F9ACD1CB1E5B227A004E5BFF /* UIImageExtension.swift */,
				F963AB371E59E54300ED5A8B /* UIViewExtension.swift */,
				F9022DA01DD90601006AF146 /* DefaultsKeyExtension.swift */,
				F94FEEAF1DD4765A00586F54 /* UIFontExtension.swift */,
				F96276181DDB6A5D0090A9AB /* UITableViewCellExtension.swift */,
				F900E4CC1DE5DBA300B017BB /* NotificationNameExtension.swift */,
				F9ACD1C71E5B0E37004E5BFF /* CGSizeExtension.swift */,
				F9ACD1C91E5B2130004E5BFF /* UIColorExtension.swift */,
				F9ACD2001E5CA8D8004E5BFF /* FIRAnalyticsExtension.swift */,
			);
			name = Extensions;
			sourceTree = "<group>";
		};
		F963AB101E59BDD500ED5A8B /* Loading */ = {
			isa = PBXGroup;
			children = (
				F963AB111E59BDF900ED5A8B /* LoadingViewController.swift */,
				F963AB121E59BDF900ED5A8B /* LoadingViewController.xib */,
			);
			name = Loading;
			sourceTree = "<group>";
		};
		F963AB151E59C05100ED5A8B /* iCarousel */ = {
			isa = PBXGroup;
			children = (
				F963AB161E59C05100ED5A8B /* iCarousel.h */,
				F963AB171E59C05100ED5A8B /* iCarousel.m */,
			);
			path = iCarousel;
			sourceTree = "<group>";
		};
		F963AB481E5A172500ED5A8B /* Proxima Nova */ = {
			isa = PBXGroup;
			children = (
				F963AB491E5A172500ED5A8B /* ProximaNova-Black.otf */,
				F963AB4A1E5A172500ED5A8B /* ProximaNova-Bold.otf */,
				F963AB4B1E5A172500ED5A8B /* ProximaNova-Extrabold.otf */,
				F963AB4C1E5A172500ED5A8B /* ProximaNova-Light.otf */,
				F963AB4D1E5A172500ED5A8B /* ProximaNova-LightItalic.otf */,
				F963AB4E1E5A172500ED5A8B /* ProximaNova-Regular.otf */,
				F963AB4F1E5A172500ED5A8B /* ProximaNova-RegularItalic.otf */,
				F963AB501E5A172500ED5A8B /* ProximaNova-Sbold.otf */,
				F963AB511E5A172500ED5A8B /* ProximaNova-SboldItalic.otf */,
			);
			path = "Proxima Nova";
			sourceTree = "<group>";
		};
		F963AB5B1E5A2F7D00ED5A8B /* SwiftyAttributes */ = {
			isa = PBXGroup;
			children = (
				F963AB5C1E5A2F7D00ED5A8B /* SwiftyAttributes.swift */,
			);
			path = SwiftyAttributes;
			sourceTree = "<group>";
		};
		F963AB721E5A684100ED5A8B /* Webcam Section */ = {
			isa = PBXGroup;
			children = (
				F963AB671E5A60F300ED5A8B /* WebcamSectionViewProvider.swift */,
				F963AB6E1E5A635800ED5A8B /* WebcamSectionHeaderView.swift */,
				F963AB6F1E5A635800ED5A8B /* WebcamSectionHeaderView.xib */,
				F963AB691E5A611600ED5A8B /* WebcamCollectionViewCell.swift */,
				F963AB6A1E5A611600ED5A8B /* WebcamCollectionViewCell.xib */,
				F963AB731E5A692E00ED5A8B /* WebcamSectionedView.swift */,
				F963AB751E5A695300ED5A8B /* WebcamSectionedView.xib */,
			);
			name = "Webcam Section";
			sourceTree = "<group>";
		};
		F963AB791E5A6E6E00ED5A8B /* Utils */ = {
			isa = PBXGroup;
			children = (
				F963AB7A1E5A6E8300ED5A8B /* DateFormatterCache.swift */,
				F9ACD2021E5CAAD5004E5BFF /* AnalyticsManager.swift */,
			);
			name = Utils;
			sourceTree = "<group>";
		};
		F9ACD1C41E5B08C8004E5BFF /* Constraint */ = {
			isa = PBXGroup;
			children = (
				F9ACD1C51E5B08D6004E5BFF /* KeyboardLayoutConstraint.swift */,
			);
			name = Constraint;
			sourceTree = "<group>";
		};
		F9ACD1CD1E5B3FBF004E5BFF /* OpeniumTestingKit */ = {
			isa = PBXGroup;
			children = (
				F9ACD1CE1E5B3FBF004E5BFF /* OpeniumTestingKit.framework */,
			);
			path = OpeniumTestingKit;
			sourceTree = "<group>";
		};
		F9ACD1D01E5B400A004E5BFF /* Classes */ = {
			isa = PBXGroup;
			children = (
				F9ACD1D21E5B4034004E5BFF /* Abstract */,
				F9ACD1D71E5B408F004E5BFF /* Controllers */,
			);
			name = Classes;
			sourceTree = "<group>";
		};
		F9ACD1D11E5B400E004E5BFF /* Resources */ = {
			isa = PBXGroup;
			children = (
				F93C76231DD11577005DEE66 /* Info.plist */,
			);
			name = Resources;
			sourceTree = "<group>";
		};
		F9ACD1D21E5B4034004E5BFF /* Abstract */ = {
			isa = PBXGroup;
			children = (
				F9ACD1D31E5B4039004E5BFF /* AbstractTests.swift */,
				F9ACD1D41E5B4039004E5BFF /* AbstractViewControllerTests.swift */,
			);
			name = Abstract;
			sourceTree = "<group>";
		};
		F9ACD1D71E5B408F004E5BFF /* Controllers */ = {
			isa = PBXGroup;
			children = (
				F9ACD1D81E5B4097004E5BFF /* WebcamCarouselViewControllerTests.swift */,
			);
			name = Controllers;
			sourceTree = "<group>";
		};
		F9ACD1E31E5C9B74004E5BFF /* Firebase */ = {
			isa = PBXGroup;
			children = (
				F9ACD1F31E5C9C2A004E5BFF /* Firebase.framework */,
				F9ACD1E41E5C9B83004E5BFF /* FirebaseAnalytics.framework */,
				F9ACD1E51E5C9B83004E5BFF /* FirebaseInstanceID.framework */,
				F9ACD1E61E5C9B83004E5BFF /* GoogleInterchangeUtilities.framework */,
				F9ACD1E71E5C9B83004E5BFF /* GoogleSymbolUtilities.framework */,
				F9ACD1E81E5C9B83004E5BFF /* GoogleUtilities.framework */,
			);
			name = Firebase;
			sourceTree = "<group>";
		};
		F9ACD1F61E5C9DD8004E5BFF /* Frameworks */ = {
			isa = PBXGroup;
			children = (
				F9ACD1F91E5C9DF5004E5BFF /* AddressBook.framework */,
				F9ACD1F71E5C9DD8004E5BFF /* libsqlite3.tbd */,
			);
			name = Frameworks;
			sourceTree = "<group>";
		};
		F9BE030A1DD78E330063275B /* Kingfisher */ = {
			isa = PBXGroup;
			children = (
				F9BE030B1DD78E4B0063275B /* KFIndicator.swift */,
			);
			name = Kingfisher;
			sourceTree = "<group>";
		};
		F9BE03141DD8AFD40063275B /* Settings */ = {
			isa = PBXGroup;
			children = (
				F9BE030D1DD8AC1B0063275B /* SettingsViewController.swift */,
				F9BE030E1DD8AC1B0063275B /* SettingsViewController.xib */,
				F94D7CE31DFABF6000460CCD /* AboutViewController.swift */,
				F94D7CE41DFABF6000460CCD /* AboutViewController.xib */,
			);
			name = Settings;
			sourceTree = "<group>";
		};
		F9F5AC591DD3196E00D9FF83 /* Controllers */ = {
			isa = PBXGroup;
			children = (
				F9F5AC5B1DD31C7D00D9FF83 /* Abstract */,
				F94FEEAB1DD4763900586F54 /* Containers */,
				F963AB101E59BDD500ED5A8B /* Loading */,
				F9F5AC701DD32C9A00D9FF83 /* Main */,
				F9F5AC9F1DD35D9200D9FF83 /* Details */,
				F9BE03141DD8AFD40063275B /* Settings */,
			);
			name = Controllers;
			sourceTree = "<group>";
		};
		F9F5AC5A1DD3197300D9FF83 /* Views */ = {
			isa = PBXGroup;
			children = (
				F9F5AC681DD32AEC00D9FF83 /* Abstract */,
				F9BE030A1DD78E330063275B /* Kingfisher */,
				F9F5AC6F1DD32C8A00D9FF83 /* Webcam */,
				F963AB721E5A684100ED5A8B /* Webcam Section */,
			);
			name = Views;
			sourceTree = "<group>";
		};
		F9F5AC5B1DD31C7D00D9FF83 /* Abstract */ = {
			isa = PBXGroup;
			children = (
				F9F5AC5C1DD31C9100D9FF83 /* AbstractViewController.swift */,
				F9BE03081DD7817C0063275B /* AbstractRefreshViewController.swift */,
			);
			name = Abstract;
			sourceTree = "<group>";
		};
		F9F5AC681DD32AEC00D9FF83 /* Abstract */ = {
			isa = PBXGroup;
			children = (
				F963AB771E5A696500ED5A8B /* AbstractWebcamView.swift */,
				F963AB2D1E59D07800ED5A8B /* AbstractArrayViewProvider.swift */,
				F963AB2E1E59D07800ED5A8B /* AbstractEnumeratableViewProvider.swift */,
				F963AB301E59D07800ED5A8B /* AbstractSectionedEnumeratableViewProvider.swift */,
				F963AB311E59D07800ED5A8B /* AbstractViewProvider.swift */,
			);
			name = Abstract;
			sourceTree = "<group>";
		};
		F9F5AC6F1DD32C8A00D9FF83 /* Webcam */ = {
			isa = PBXGroup;
			children = (
				F963AB1F1E59CE6300ED5A8B /* WebcamCarouselTableViewCell.swift */,
				F963AB201E59CE6300ED5A8B /* WebcamCarouselTableViewCell.xib */,
				F963AB5E1E5A3C8400ED5A8B /* WebcamView.swift */,
				F963AB601E5A3C8C00ED5A8B /* WebcamView.xib */,
			);
			name = Webcam;
			sourceTree = "<group>";
		};
		F9F5AC701DD32C9A00D9FF83 /* Main */ = {
			isa = PBXGroup;
			children = (
				F963AB1B1E59C8C400ED5A8B /* WebcamCarouselViewController.swift */,
				F963AB1C1E59C8C400ED5A8B /* WebcamCarouselViewController.xib */,
				F963AB631E5A5DA800ED5A8B /* WebcamSectionViewController.swift */,
				F963AB641E5A5DA800ED5A8B /* WebcamSectionViewController.xib */,
				F9ACD1C01E5A834A004E5BFF /* SearchViewController.swift */,
				F9ACD1C11E5A834A004E5BFF /* SearchViewController.xib */,
			);
			name = Main;
			sourceTree = "<group>";
		};
		F9F5AC711DD33B5300D9FF83 /* Model */ = {
			isa = PBXGroup;
			children = (
				F9F5AC721DD33B6800D9FF83 /* Webcam.swift */,
				F9F5AC971DD34C8B00D9FF83 /* WebcamSection.swift */,
			);
			name = Model;
			sourceTree = "<group>";
		};
		F9F5AC7A1DD344CC00D9FF83 /* fonts */ = {
			isa = PBXGroup;
			children = (
				F963AB481E5A172500ED5A8B /* Proxima Nova */,
				F9F5AC7B1DD344CC00D9FF83 /* Open Sans */,
				F9F5AC881DD344CC00D9FF83 /* Open Sans Condensed */,
			);
			path = fonts;
			sourceTree = "<group>";
		};
		F9F5AC7B1DD344CC00D9FF83 /* Open Sans */ = {
			isa = PBXGroup;
			children = (
				F9F5AC7C1DD344CC00D9FF83 /* Open Sans 300.ttf */,
				F9F5AC7D1DD344CC00D9FF83 /* Open Sans 300italic.ttf */,
				F9F5AC7E1DD344CC00D9FF83 /* Open Sans 600.ttf */,
				F9F5AC7F1DD344CC00D9FF83 /* Open Sans 600italic.ttf */,
				F9F5AC801DD344CC00D9FF83 /* Open Sans 700.ttf */,
				F9F5AC811DD344CC00D9FF83 /* Open Sans 700italic.ttf */,
				F9F5AC821DD344CC00D9FF83 /* Open Sans 800.ttf */,
				F9F5AC831DD344CC00D9FF83 /* Open Sans 800italic.ttf */,
				F9F5AC841DD344CC00D9FF83 /* Open Sans Condensed 300.ttf */,
				F9F5AC851DD344CC00D9FF83 /* Open Sans Condensed 300italic.ttf */,
				F9F5AC861DD344CC00D9FF83 /* Open Sans italic.ttf */,
				F9F5AC871DD344CC00D9FF83 /* Open Sans regular.ttf */,
			);
			path = "Open Sans";
			sourceTree = "<group>";
		};
		F9F5AC881DD344CC00D9FF83 /* Open Sans Condensed */ = {
			isa = PBXGroup;
			children = (
				F9F5AC891DD344CC00D9FF83 /* Open Sans Condensed 700.ttf */,
			);
			path = "Open Sans Condensed";
			sourceTree = "<group>";
		};
		F9F5AC9F1DD35D9200D9FF83 /* Details */ = {
			isa = PBXGroup;
			children = (
				F9F5ACA01DD35DDD00D9FF83 /* WebcamDetailViewController.swift */,
				F9F5ACA11DD35DDD00D9FF83 /* WebcamDetailViewController.xib */,
				F9E858331E5D90D700F7C40D /* MailComposeViewController.swift */,
			);
			name = Details;
			sourceTree = "<group>";
		};
/* End PBXGroup section */

/* Begin PBXNativeTarget section */
		F93C76081DD11577005DEE66 /* AuvergneWebcams */ = {
			isa = PBXNativeTarget;
			buildConfigurationList = F93C76261DD11577005DEE66 /* Build configuration list for PBXNativeTarget "AuvergneWebcams" */;
			buildPhases = (
				F963AB621E5A45E300ED5A8B /* Warning TODO / FIXME / WARNING */,
				F93C76051DD11577005DEE66 /* Sources */,
				F93C76061DD11577005DEE66 /* Frameworks */,
				F93C76071DD11577005DEE66 /* Resources */,
				F93C76491DD11AF1005DEE66 /* Embed Frameworks */,
				F93C764A1DD11AF5005DEE66 /* Carthage */,
				F911BBEC1DDC6074000C022B /* Crashlytics */,
			);
			buildRules = (
			);
			dependencies = (
			);
			name = AuvergneWebcams;
			productName = AuvergneWebcams;
			productReference = F93C76091DD11577005DEE66 /* AuvergneWebcams.app */;
			productType = "com.apple.product-type.application";
		};
		F93C761C1DD11577005DEE66 /* AuvergneWebcamsTests */ = {
			isa = PBXNativeTarget;
			buildConfigurationList = F93C76291DD11577005DEE66 /* Build configuration list for PBXNativeTarget "AuvergneWebcamsTests" */;
			buildPhases = (
				F93C76191DD11577005DEE66 /* Sources */,
				F93C761A1DD11577005DEE66 /* Frameworks */,
				F93C761B1DD11577005DEE66 /* Resources */,
			);
			buildRules = (
			);
			dependencies = (
				F93C761F1DD11577005DEE66 /* PBXTargetDependency */,
			);
			name = AuvergneWebcamsTests;
			productName = AuvergneWebcamsTests;
			productReference = F93C761D1DD11577005DEE66 /* AuvergneWebcamsTests.xctest */;
			productType = "com.apple.product-type.bundle.unit-test";
		};
/* End PBXNativeTarget section */

/* Begin PBXProject section */
		F93C76011DD11577005DEE66 /* Project object */ = {
			isa = PBXProject;
			attributes = {
				LastSwiftUpdateCheck = 0810;
				LastUpgradeCheck = 0810;
				TargetAttributes = {
					F93C76081DD11577005DEE66 = {
						CreatedOnToolsVersion = 8.1;
						DevelopmentTeam = QH6KR5PAQ7;
						ProvisioningStyle = Automatic;
					};
					F93C761C1DD11577005DEE66 = {
						CreatedOnToolsVersion = 8.1;
						DevelopmentTeam = QH6KR5PAQ7;
						ProvisioningStyle = Automatic;
						TestTargetID = F93C76081DD11577005DEE66;
					};
				};
			};
			buildConfigurationList = F93C76041DD11577005DEE66 /* Build configuration list for PBXProject "AuvergneWebcams" */;
			compatibilityVersion = "Xcode 3.2";
			developmentRegion = English;
			hasScannedForEncodings = 0;
			knownRegions = (
				en,
				Base,
			);
			mainGroup = F93C76001DD11577005DEE66;
			productRefGroup = F93C760A1DD11577005DEE66 /* Products */;
			projectDirPath = "";
			projectRoot = "";
			targets = (
				F93C76081DD11577005DEE66 /* AuvergneWebcams */,
				F93C761C1DD11577005DEE66 /* AuvergneWebcamsTests */,
			);
		};
/* End PBXProject section */

/* Begin PBXResourcesBuildPhase section */
		F93C76071DD11577005DEE66 /* Resources */ = {
			isa = PBXResourcesBuildPhase;
			buildActionMask = 2147483647;
			files = (
				F9F5ACA31DD35DDD00D9FF83 /* WebcamDetailViewController.xib in Resources */,
				F94D7CE61DFABF6000460CCD /* AboutViewController.xib in Resources */,
				F9F5AC921DD344CC00D9FF83 /* Open Sans Condensed 300.ttf in Resources */,
				F9F5AC901DD344CC00D9FF83 /* Open Sans 800.ttf in Resources */,
				F9F5AC8B1DD344CC00D9FF83 /* Open Sans 300italic.ttf in Resources */,
				F963AB581E5A172500ED5A8B /* ProximaNova-RegularItalic.otf in Resources */,
				F9ACD1E11E5C951C004E5BFF /* GoogleService-Info.plist in Resources */,
				F963AB141E59BDF900ED5A8B /* LoadingViewController.xib in Resources */,
				F9F5AC951DD344CC00D9FF83 /* Open Sans regular.ttf in Resources */,
				F963AB561E5A172500ED5A8B /* ProximaNova-LightItalic.otf in Resources */,
				F963AB761E5A695300ED5A8B /* WebcamSectionedView.xib in Resources */,
				F93C76171DD11577005DEE66 /* LaunchScreen.storyboard in Resources */,
				F963AB6C1E5A611600ED5A8B /* WebcamCollectionViewCell.xib in Resources */,
				F963AB521E5A172500ED5A8B /* ProximaNova-Black.otf in Resources */,
				F9F5AC8C1DD344CC00D9FF83 /* Open Sans 600.ttf in Resources */,
				F9ACD1C31E5A834A004E5BFF /* SearchViewController.xib in Resources */,
				F963AB611E5A3C8C00ED5A8B /* WebcamView.xib in Resources */,
				F963AB571E5A172500ED5A8B /* ProximaNova-Regular.otf in Resources */,
				F93C76141DD11577005DEE66 /* Assets.xcassets in Resources */,
				F9F5AC8E1DD344CC00D9FF83 /* Open Sans 700.ttf in Resources */,
				F963AB5A1E5A172500ED5A8B /* ProximaNova-SboldItalic.otf in Resources */,
				F963AB711E5A635800ED5A8B /* WebcamSectionHeaderView.xib in Resources */,
				F9F5AC8A1DD344CC00D9FF83 /* Open Sans 300.ttf in Resources */,
				F9F5AC931DD344CC00D9FF83 /* Open Sans Condensed 300italic.ttf in Resources */,
				F963AB661E5A5DA800ED5A8B /* WebcamSectionViewController.xib in Resources */,
				F963AB1E1E59C8C400ED5A8B /* WebcamCarouselViewController.xib in Resources */,
				F963AB551E5A172500ED5A8B /* ProximaNova-Light.otf in Resources */,
				F963AB221E59CE6300ED5A8B /* WebcamCarouselTableViewCell.xib in Resources */,
				F9F5AC911DD344CC00D9FF83 /* Open Sans 800italic.ttf in Resources */,
				F9F5AC8F1DD344CC00D9FF83 /* Open Sans 700italic.ttf in Resources */,
				F9F5AC961DD344CC00D9FF83 /* Open Sans Condensed 700.ttf in Resources */,
				F9F5AC941DD344CC00D9FF83 /* Open Sans italic.ttf in Resources */,
				F963AB531E5A172500ED5A8B /* ProximaNova-Bold.otf in Resources */,
				F9F5AC8D1DD344CC00D9FF83 /* Open Sans 600italic.ttf in Resources */,
				F963AB591E5A172500ED5A8B /* ProximaNova-Sbold.otf in Resources */,
				F963AB541E5A172500ED5A8B /* ProximaNova-Extrabold.otf in Resources */,
				F9BE03101DD8AC1B0063275B /* SettingsViewController.xib in Resources */,
			);
			runOnlyForDeploymentPostprocessing = 0;
		};
		F93C761B1DD11577005DEE66 /* Resources */ = {
			isa = PBXResourcesBuildPhase;
			buildActionMask = 2147483647;
			files = (
			);
			runOnlyForDeploymentPostprocessing = 0;
		};
/* End PBXResourcesBuildPhase section */

/* Begin PBXShellScriptBuildPhase section */
		F911BBEC1DDC6074000C022B /* Crashlytics */ = {
			isa = PBXShellScriptBuildPhase;
			buildActionMask = 2147483647;
			files = (
			);
			inputPaths = (
			);
			name = Crashlytics;
			outputPaths = (
			);
			runOnlyForDeploymentPostprocessing = 0;
			shellPath = /bin/sh;
			shellScript = "./Vendor/Fabric/Fabric.framework/run 7cc7cb6974a476c88eaefd8f8f18727ed0ba945a 45a74e44b233b172c82468f5cdb077f34a90c4f4bc9b4e87161041a9347f1375";
			showEnvVarsInLog = 0;
		};
		F93C764A1DD11AF5005DEE66 /* Carthage */ = {
			isa = PBXShellScriptBuildPhase;
			buildActionMask = 2147483647;
			files = (
			);
			inputPaths = (
				"$(SRCROOT)/Carthage/Build/iOS/Kingfisher.framework",
				"$(SRCROOT)/Carthage/Build/iOS/Reachability.framework",
				"$(SRCROOT)/Carthage/Build/iOS/Siren.framework",
				"$(SRCROOT)/Carthage/Build/iOS/SwiftyUserDefaults.framework",
				"$(SRCROOT)/Carthage/Build/iOS/Eureka.framework",
				"$(SRCROOT)/Carthage/Build/iOS/SwiftiumKit.framework",
				"$(SRCROOT)/Carthage/Build/iOS/ActiveLabel.framework",
				"$(SRCROOT)/Carthage/Build/iOS/Alamofire.framework",
				"$(SRCROOT)/Carthage/Build/iOS/AlamofireObjectMapper.framework",
				"$(SRCROOT)/Carthage/Build/iOS/Realm.framework",
				"$(SRCROOT)/Carthage/Build/iOS/RealmSwift.framework",
				"$(SRCROOT)/Carthage/Build/iOS/ObjectMapper.framework",
				"$(SRCROOT)/Carthage/Build/iOS/AlamofireNetworkActivityIndicator.framework",
				"$(SRCROOT)/Carthage/Build/iOS/Firebase.framework",
			);
			name = Carthage;
			outputPaths = (
			);
			runOnlyForDeploymentPostprocessing = 0;
			shellPath = /bin/bash;
			shellScript = "# Embedded binaries only when archiving\nif [ \"$ACTION\" == \"install\" ] ; then\n    /usr/local/bin/carthage copy-frameworks\nfi\n";
			showEnvVarsInLog = 0;
		};
		F963AB621E5A45E300ED5A8B /* Warning TODO / FIXME / WARNING */ = {
			isa = PBXShellScriptBuildPhase;
			buildActionMask = 2147483647;
			files = (
			);
			inputPaths = (
			);
			name = "Warning TODO / FIXME / WARNING";
			outputPaths = (
			);
			runOnlyForDeploymentPostprocessing = 0;
			shellPath = /bin/sh;
			shellScript = "${PROJECT_DIR}/scripts/todo.sh";
			showEnvVarsInLog = 0;
		};
/* End PBXShellScriptBuildPhase section */

/* Begin PBXSourcesBuildPhase section */
		F93C76051DD11577005DEE66 /* Sources */ = {
			isa = PBXSourcesBuildPhase;
			buildActionMask = 2147483647;
			files = (
				F963AB211E59CE6300ED5A8B /* WebcamCarouselTableViewCell.swift in Sources */,
				F9F5AC981DD34C8B00D9FF83 /* WebcamSection.swift in Sources */,
				F9ACD1C81E5B0E37004E5BFF /* CGSizeExtension.swift in Sources */,
				F963AB681E5A60F300ED5A8B /* WebcamSectionViewProvider.swift in Sources */,
				F963AB6B1E5A611600ED5A8B /* WebcamCollectionViewCell.swift in Sources */,
				F963AB321E59D07800ED5A8B /* AbstractArrayViewProvider.swift in Sources */,
				F94D7CE51DFABF6000460CCD /* AboutViewController.swift in Sources */,
				F9022DA11DD90601006AF146 /* DefaultsKeyExtension.swift in Sources */,
				F963AB651E5A5DA800ED5A8B /* WebcamSectionViewController.swift in Sources */,
				F9F5AC731DD33B6800D9FF83 /* Webcam.swift in Sources */,
				F963AB381E59E54300ED5A8B /* UIViewExtension.swift in Sources */,
				F963AB741E5A692E00ED5A8B /* WebcamSectionedView.swift in Sources */,
				F963AB1D1E59C8C400ED5A8B /* WebcamCarouselViewController.swift in Sources */,
				F9ACD1C21E5A834A004E5BFF /* SearchViewController.swift in Sources */,
				F9F5ACA21DD35DDD00D9FF83 /* WebcamDetailViewController.swift in Sources */,
				F900E4CD1DE5DBA300B017BB /* NotificationNameExtension.swift in Sources */,
				F963AB5F1E5A3C8400ED5A8B /* WebcamView.swift in Sources */,
				F96276191DDB6A5D0090A9AB /* UITableViewCellExtension.swift in Sources */,
				F9E858341E5D90D700F7C40D /* MailComposeViewController.swift in Sources */,
				F9F5AC5E1DD31C9100D9FF83 /* AbstractViewController.swift in Sources */,
				F94FEEAD1DD4764100586F54 /* NavigationController.swift in Sources */,
				F9ACD2011E5CA8D8004E5BFF /* FIRAnalyticsExtension.swift in Sources */,
				F9ACD1C61E5B08D6004E5BFF /* KeyboardLayoutConstraint.swift in Sources */,
				F963AB131E59BDF900ED5A8B /* LoadingViewController.swift in Sources */,
				F93C760D1DD11577005DEE66 /* AppDelegate.swift in Sources */,
				F9ACD1CC1E5B227A004E5BFF /* UIImageExtension.swift in Sources */,
				F9ACD1CA1E5B2130004E5BFF /* UIColorExtension.swift in Sources */,
				F963AB361E59D07800ED5A8B /* AbstractViewProvider.swift in Sources */,
				F9ACD2031E5CAAD5004E5BFF /* AnalyticsManager.swift in Sources */,
				F963AB701E5A635800ED5A8B /* WebcamSectionHeaderView.swift in Sources */,
				F9BE030C1DD78E4B0063275B /* KFIndicator.swift in Sources */,
				F94FEEB01DD4765A00586F54 /* UIFontExtension.swift in Sources */,
				F963AB781E5A696500ED5A8B /* AbstractWebcamView.swift in Sources */,
				F963AB7B1E5A6E8300ED5A8B /* DateFormatterCache.swift in Sources */,
				F9BE030F1DD8AC1B0063275B /* SettingsViewController.swift in Sources */,
				F963AB181E59C05100ED5A8B /* iCarousel.m in Sources */,
				F963AB351E59D07800ED5A8B /* AbstractSectionedEnumeratableViewProvider.swift in Sources */,
				F963AB5D1E5A2F7D00ED5A8B /* SwiftyAttributes.swift in Sources */,
				F9BE03091DD7817C0063275B /* AbstractRefreshViewController.swift in Sources */,
				F963AB331E59D07800ED5A8B /* AbstractEnumeratableViewProvider.swift in Sources */,
			);
			runOnlyForDeploymentPostprocessing = 0;
		};
		F93C76191DD11577005DEE66 /* Sources */ = {
			isa = PBXSourcesBuildPhase;
			buildActionMask = 2147483647;
			files = (
				F9ACD1D61E5B4039004E5BFF /* AbstractViewControllerTests.swift in Sources */,
				F9ACD1D51E5B4039004E5BFF /* AbstractTests.swift in Sources */,
				F9ACD1D91E5B4097004E5BFF /* WebcamCarouselViewControllerTests.swift in Sources */,
			);
			runOnlyForDeploymentPostprocessing = 0;
		};
/* End PBXSourcesBuildPhase section */

/* Begin PBXTargetDependency section */
		F93C761F1DD11577005DEE66 /* PBXTargetDependency */ = {
			isa = PBXTargetDependency;
			target = F93C76081DD11577005DEE66 /* AuvergneWebcams */;
			targetProxy = F93C761E1DD11577005DEE66 /* PBXContainerItemProxy */;
		};
/* End PBXTargetDependency section */

/* Begin PBXVariantGroup section */
		F93C76151DD11577005DEE66 /* LaunchScreen.storyboard */ = {
			isa = PBXVariantGroup;
			children = (
				F93C76161DD11577005DEE66 /* Base */,
			);
			name = LaunchScreen.storyboard;
			sourceTree = "<group>";
		};
/* End PBXVariantGroup section */

/* Begin XCBuildConfiguration section */
		F93C76241DD11577005DEE66 /* Debug */ = {
			isa = XCBuildConfiguration;
			baseConfigurationReference = F93C762F1DD115EB005DEE66 /* Debug.xcconfig */;
			buildSettings = {
				ALWAYS_SEARCH_USER_PATHS = NO;
				CLANG_ANALYZER_NONNULL = YES;
				CLANG_CXX_LANGUAGE_STANDARD = "gnu++0x";
				CLANG_CXX_LIBRARY = "libc++";
				CLANG_ENABLE_MODULES = YES;
				CLANG_ENABLE_OBJC_ARC = YES;
				CLANG_WARN_BOOL_CONVERSION = YES;
				CLANG_WARN_CONSTANT_CONVERSION = YES;
				CLANG_WARN_DIRECT_OBJC_ISA_USAGE = YES_ERROR;
				CLANG_WARN_DOCUMENTATION_COMMENTS = YES;
				CLANG_WARN_EMPTY_BODY = YES;
				CLANG_WARN_ENUM_CONVERSION = YES;
				CLANG_WARN_INFINITE_RECURSION = YES;
				CLANG_WARN_INT_CONVERSION = YES;
				CLANG_WARN_OBJC_ROOT_CLASS = YES_ERROR;
				CLANG_WARN_SUSPICIOUS_MOVES = YES;
				CLANG_WARN_UNREACHABLE_CODE = YES;
				CLANG_WARN__DUPLICATE_METHOD_MATCH = YES;
				"CODE_SIGN_IDENTITY[sdk=iphoneos*]" = "iPhone Developer";
				COPY_PHASE_STRIP = NO;
				DEBUG_INFORMATION_FORMAT = "dwarf-with-dsym";
				ENABLE_STRICT_OBJC_MSGSEND = YES;
				ENABLE_TESTABILITY = YES;
				GCC_C_LANGUAGE_STANDARD = gnu99;
				GCC_DYNAMIC_NO_PIC = NO;
				GCC_NO_COMMON_BLOCKS = YES;
				GCC_OPTIMIZATION_LEVEL = 0;
				GCC_PREPROCESSOR_DEFINITIONS = (
					"DEBUG=1",
					"$(inherited)",
				);
				GCC_WARN_64_TO_32_BIT_CONVERSION = YES;
				GCC_WARN_ABOUT_RETURN_TYPE = YES_ERROR;
				GCC_WARN_UNDECLARED_SELECTOR = YES;
				GCC_WARN_UNINITIALIZED_AUTOS = YES_AGGRESSIVE;
				GCC_WARN_UNUSED_FUNCTION = YES;
				GCC_WARN_UNUSED_VARIABLE = YES;
				IPHONEOS_DEPLOYMENT_TARGET = 9.0;
				MTL_ENABLE_DEBUG_INFO = YES;
				ONLY_ACTIVE_ARCH = YES;
				SDKROOT = iphoneos;
				SWIFT_ACTIVE_COMPILATION_CONDITIONS = DEBUG;
				SWIFT_OPTIMIZATION_LEVEL = "-Onone";
				TARGETED_DEVICE_FAMILY = "1,2";
			};
			name = Debug;
		};
		F93C76251DD11577005DEE66 /* Release */ = {
			isa = XCBuildConfiguration;
			baseConfigurationReference = F93C76301DD115EB005DEE66 /* Release.xcconfig */;
			buildSettings = {
				ALWAYS_SEARCH_USER_PATHS = NO;
				CLANG_ANALYZER_NONNULL = YES;
				CLANG_CXX_LANGUAGE_STANDARD = "gnu++0x";
				CLANG_CXX_LIBRARY = "libc++";
				CLANG_ENABLE_MODULES = YES;
				CLANG_ENABLE_OBJC_ARC = YES;
				CLANG_WARN_BOOL_CONVERSION = YES;
				CLANG_WARN_CONSTANT_CONVERSION = YES;
				CLANG_WARN_DIRECT_OBJC_ISA_USAGE = YES_ERROR;
				CLANG_WARN_DOCUMENTATION_COMMENTS = YES;
				CLANG_WARN_EMPTY_BODY = YES;
				CLANG_WARN_ENUM_CONVERSION = YES;
				CLANG_WARN_INFINITE_RECURSION = YES;
				CLANG_WARN_INT_CONVERSION = YES;
				CLANG_WARN_OBJC_ROOT_CLASS = YES_ERROR;
				CLANG_WARN_SUSPICIOUS_MOVES = YES;
				CLANG_WARN_UNREACHABLE_CODE = YES;
				CLANG_WARN__DUPLICATE_METHOD_MATCH = YES;
				"CODE_SIGN_IDENTITY[sdk=iphoneos*]" = "iPhone Developer";
				COPY_PHASE_STRIP = NO;
				DEBUG_INFORMATION_FORMAT = "dwarf-with-dsym";
				ENABLE_NS_ASSERTIONS = NO;
				ENABLE_STRICT_OBJC_MSGSEND = YES;
				GCC_C_LANGUAGE_STANDARD = gnu99;
				GCC_NO_COMMON_BLOCKS = YES;
				GCC_WARN_64_TO_32_BIT_CONVERSION = YES;
				GCC_WARN_ABOUT_RETURN_TYPE = YES_ERROR;
				GCC_WARN_UNDECLARED_SELECTOR = YES;
				GCC_WARN_UNINITIALIZED_AUTOS = YES_AGGRESSIVE;
				GCC_WARN_UNUSED_FUNCTION = YES;
				GCC_WARN_UNUSED_VARIABLE = YES;
				IPHONEOS_DEPLOYMENT_TARGET = 9.0;
				MTL_ENABLE_DEBUG_INFO = NO;
				SDKROOT = iphoneos;
				SWIFT_OPTIMIZATION_LEVEL = "-Owholemodule";
				TARGETED_DEVICE_FAMILY = "1,2";
				VALIDATE_PRODUCT = YES;
			};
			name = Release;
		};
		F93C76271DD11577005DEE66 /* Debug */ = {
			isa = XCBuildConfiguration;
			baseConfigurationReference = F93C762F1DD115EB005DEE66 /* Debug.xcconfig */;
			buildSettings = {
				ALWAYS_EMBED_SWIFT_STANDARD_LIBRARIES = YES;
				ASSETCATALOG_COMPILER_APPICON_NAME = AppIcon;
				DEVELOPMENT_TEAM = QH6KR5PAQ7;
				FRAMEWORK_SEARCH_PATHS = (
					"$(inherited)",
					"$(PROJECT_DIR)/Carthage/Build/iOS",
					"$(PROJECT_DIR)/Vendor/Fabric",
				);
				INFOPLIST_FILE = AuvergneWebcams/Info.plist;
				LD_RUNPATH_SEARCH_PATHS = "$(inherited) @executable_path/Frameworks";
				PRODUCT_BUNDLE_IDENTIFIER = fr.openium.AuvergneWebcams;
				PRODUCT_NAME = "$(TARGET_NAME)";
				SWIFT_OBJC_BRIDGING_HEADER = "AuvergneWebcams/Bridging-Header.h";
				SWIFT_VERSION = 3.0;
			};
			name = Debug;
		};
		F93C76281DD11577005DEE66 /* Release */ = {
			isa = XCBuildConfiguration;
			baseConfigurationReference = F93C76301DD115EB005DEE66 /* Release.xcconfig */;
			buildSettings = {
				ALWAYS_EMBED_SWIFT_STANDARD_LIBRARIES = YES;
				ASSETCATALOG_COMPILER_APPICON_NAME = AppIcon;
				DEVELOPMENT_TEAM = QH6KR5PAQ7;
				FRAMEWORK_SEARCH_PATHS = (
					"$(inherited)",
					"$(PROJECT_DIR)/Carthage/Build/iOS",
					"$(PROJECT_DIR)/Vendor/Fabric",
				);
				INFOPLIST_FILE = AuvergneWebcams/Info.plist;
				LD_RUNPATH_SEARCH_PATHS = "$(inherited) @executable_path/Frameworks";
				PRODUCT_BUNDLE_IDENTIFIER = fr.openium.AuvergneWebcams;
				PRODUCT_NAME = "$(TARGET_NAME)";
				SWIFT_OBJC_BRIDGING_HEADER = "AuvergneWebcams/Bridging-Header.h";
				SWIFT_VERSION = 3.0;
			};
			name = Release;
		};
		F93C762A1DD11577005DEE66 /* Debug */ = {
			isa = XCBuildConfiguration;
			baseConfigurationReference = F93C762F1DD115EB005DEE66 /* Debug.xcconfig */;
			buildSettings = {
				ALWAYS_EMBED_SWIFT_STANDARD_LIBRARIES = YES;
				BUNDLE_LOADER = "$(TEST_HOST)";
				DEVELOPMENT_TEAM = QH6KR5PAQ7;
				FRAMEWORK_SEARCH_PATHS = (
					"$(inherited)",
					"$(PROJECT_DIR)/Vendor/OpeniumTestingKit",
					"$(PROJECT_DIR)/Carthage/Build/iOS",
				);
				INFOPLIST_FILE = AuvergneWebcamsTests/Info.plist;
				LD_RUNPATH_SEARCH_PATHS = "$(inherited) @executable_path/Frameworks @loader_path/Frameworks";
				OTHER_LDFLAGS = (
					"-ObjC",
					"-all_load",
					"-framework",
					IOKit,
				);
				PRODUCT_BUNDLE_IDENTIFIER = fr.openium.AuvergneWebcamsTests;
				PRODUCT_NAME = "$(TARGET_NAME)";
				SWIFT_VERSION = 3.0;
				TEST_HOST = "$(BUILT_PRODUCTS_DIR)/AuvergneWebcams.app/AuvergneWebcams";
			};
			name = Debug;
		};
		F93C762B1DD11577005DEE66 /* Release */ = {
			isa = XCBuildConfiguration;
			baseConfigurationReference = F93C76301DD115EB005DEE66 /* Release.xcconfig */;
			buildSettings = {
				ALWAYS_EMBED_SWIFT_STANDARD_LIBRARIES = YES;
				BUNDLE_LOADER = "$(TEST_HOST)";
				DEVELOPMENT_TEAM = QH6KR5PAQ7;
				FRAMEWORK_SEARCH_PATHS = (
					"$(inherited)",
					"$(PROJECT_DIR)/Vendor/OpeniumTestingKit",
					"$(PROJECT_DIR)/Carthage/Build/iOS",
				);
				INFOPLIST_FILE = AuvergneWebcamsTests/Info.plist;
				LD_RUNPATH_SEARCH_PATHS = "$(inherited) @executable_path/Frameworks @loader_path/Frameworks";
				OTHER_LDFLAGS = (
					"-ObjC",
					"-all_load",
					"-framework",
					IOKit,
				);
				PRODUCT_BUNDLE_IDENTIFIER = fr.openium.AuvergneWebcamsTests;
				PRODUCT_NAME = "$(TARGET_NAME)";
				SWIFT_VERSION = 3.0;
				TEST_HOST = "$(BUILT_PRODUCTS_DIR)/AuvergneWebcams.app/AuvergneWebcams";
			};
			name = Release;
		};
/* End XCBuildConfiguration section */

/* Begin XCConfigurationList section */
		F93C76041DD11577005DEE66 /* Build configuration list for PBXProject "AuvergneWebcams" */ = {
			isa = XCConfigurationList;
			buildConfigurations = (
				F93C76241DD11577005DEE66 /* Debug */,
				F93C76251DD11577005DEE66 /* Release */,
			);
			defaultConfigurationIsVisible = 0;
			defaultConfigurationName = Release;
		};
		F93C76261DD11577005DEE66 /* Build configuration list for PBXNativeTarget "AuvergneWebcams" */ = {
			isa = XCConfigurationList;
			buildConfigurations = (
				F93C76271DD11577005DEE66 /* Debug */,
				F93C76281DD11577005DEE66 /* Release */,
			);
			defaultConfigurationIsVisible = 0;
			defaultConfigurationName = Release;
		};
		F93C76291DD11577005DEE66 /* Build configuration list for PBXNativeTarget "AuvergneWebcamsTests" */ = {
			isa = XCConfigurationList;
			buildConfigurations = (
				F93C762A1DD11577005DEE66 /* Debug */,
				F93C762B1DD11577005DEE66 /* Release */,
			);
			defaultConfigurationIsVisible = 0;
			defaultConfigurationName = Release;
		};
/* End XCConfigurationList section */
	};
	rootObject = F93C76011DD11577005DEE66 /* Project object */;
}
