// !$*UTF8*$!
{
	archiveVersion = 1;
	classes = {
	};
	objectVersion = 46;
	objects = {

/* Begin PBXBuildFile section */
		BA4D06691C91C2B5000DD654 /* StringExtensions.swift in Sources */ = {isa = PBXBuildFile; fileRef = BA4D06681C91C2B5000DD654 /* StringExtensions.swift */; };
		BA4D066B1C91C2DD000DD654 /* StringExtensionsTests.swift in Sources */ = {isa = PBXBuildFile; fileRef = BA4D066A1C91C2DD000DD654 /* StringExtensionsTests.swift */; };
		BA4D06811C91E602000DD654 /* Crypto.h in Headers */ = {isa = PBXBuildFile; fileRef = BA4D067F1C91E602000DD654 /* Crypto.h */; settings = {ATTRIBUTES = (Public, ); }; };
		BA4D06821C91E602000DD654 /* Crypto.m in Sources */ = {isa = PBXBuildFile; fileRef = BA4D06801C91E602000DD654 /* Crypto.m */; };
		BA8961DB1C8EDBB100305CB0 /* SwiftiumKit.h in Headers */ = {isa = PBXBuildFile; fileRef = BA8961DA1C8EDBB100305CB0 /* SwiftiumKit.h */; settings = {ATTRIBUTES = (Public, ); }; };
		BA8961E21C8EDBB100305CB0 /* SwiftiumKit.framework in Frameworks */ = {isa = PBXBuildFile; fileRef = BA8961D71C8EDBB100305CB0 /* SwiftiumKit.framework */; };
		BA8961F21C8EDBFC00305CB0 /* UIColorExtensionsTests.swift in Sources */ = {isa = PBXBuildFile; fileRef = BA8961F11C8EDBFC00305CB0 /* UIColorExtensionsTests.swift */; };
		BA8961F41C8EDC0A00305CB0 /* UIColorExtensions.swift in Sources */ = {isa = PBXBuildFile; fileRef = BA8961F31C8EDC0A00305CB0 /* UIColorExtensions.swift */; };
		BA8A2D4A1C96FAAD00125DC3 /* NSDataExtensions.swift in Sources */ = {isa = PBXBuildFile; fileRef = BA8A2D491C96FAAD00125DC3 /* NSDataExtensions.swift */; };
		BA8A2D4C1C96FAC800125DC3 /* NSDataExtensionsTests.swift in Sources */ = {isa = PBXBuildFile; fileRef = BA8A2D4B1C96FAC800125DC3 /* NSDataExtensionsTests.swift */; };
		BA8A2D4E1C9713AD00125DC3 /* UInt8Extensions.swift in Sources */ = {isa = PBXBuildFile; fileRef = BA8A2D4D1C9713AD00125DC3 /* UInt8Extensions.swift */; };
		BA8A2D501C9713D600125DC3 /* UInt8ExtensionsTests.swift in Sources */ = {isa = PBXBuildFile; fileRef = BA8A2D4F1C9713D600125DC3 /* UInt8ExtensionsTests.swift */; };
		BAF01A7F1DB7F59A006F81D3 /* UIImageExtensions.swift in Sources */ = {isa = PBXBuildFile; fileRef = BAF01A7E1DB7F59A006F81D3 /* UIImageExtensions.swift */; };
		BAF01A811DB7F610006F81D3 /* UIImageExtensionsTests.swift in Sources */ = {isa = PBXBuildFile; fileRef = BAF01A801DB7F610006F81D3 /* UIImageExtensionsTests.swift */; };
		BAFA99E11DB7817600582104 /* UIFontExtensions.swift in Sources */ = {isa = PBXBuildFile; fileRef = BAFA99E01DB7817600582104 /* UIFontExtensions.swift */; };
		BAFA99E31DB781D600582104 /* UIFontExtensionsTests.swift in Sources */ = {isa = PBXBuildFile; fileRef = BAFA99E21DB781D600582104 /* UIFontExtensionsTests.swift */; };
		F9E838D31DCCE15700F3C5FB /* DictionaryOperators.swift in Sources */ = {isa = PBXBuildFile; fileRef = F9E838D21DCCE15700F3C5FB /* DictionaryOperators.swift */; };
		F9E838D61DCCE2D000F3C5FB /* DictionaryOperatorsTests.swift in Sources */ = {isa = PBXBuildFile; fileRef = F9E838D51DCCE2D000F3C5FB /* DictionaryOperatorsTests.swift */; };
/* End PBXBuildFile section */

/* Begin PBXContainerItemProxy section */
		BA8961E31C8EDBB100305CB0 /* PBXContainerItemProxy */ = {
			isa = PBXContainerItemProxy;
			containerPortal = BA8961CE1C8EDBB100305CB0 /* Project object */;
			proxyType = 1;
			remoteGlobalIDString = BA8961D61C8EDBB100305CB0;
			remoteInfo = SwiftiumKit;
		};
/* End PBXContainerItemProxy section */

/* Begin PBXFileReference section */
		BA4D06681C91C2B5000DD654 /* StringExtensions.swift */ = {isa = PBXFileReference; fileEncoding = 4; lastKnownFileType = sourcecode.swift; path = StringExtensions.swift; sourceTree = "<group>"; };
		BA4D066A1C91C2DD000DD654 /* StringExtensionsTests.swift */ = {isa = PBXFileReference; fileEncoding = 4; lastKnownFileType = sourcecode.swift; path = StringExtensionsTests.swift; sourceTree = "<group>"; };
		BA4D067F1C91E602000DD654 /* Crypto.h */ = {isa = PBXFileReference; fileEncoding = 4; lastKnownFileType = sourcecode.c.h; path = Crypto.h; sourceTree = "<group>"; };
		BA4D06801C91E602000DD654 /* Crypto.m */ = {isa = PBXFileReference; fileEncoding = 4; lastKnownFileType = sourcecode.c.objc; path = Crypto.m; sourceTree = "<group>"; };
		BA4D088D1C94123C000DD654 /* README.md */ = {isa = PBXFileReference; lastKnownFileType = net.daringfireball.markdown; path = README.md; sourceTree = "<group>"; };
		BA4D088E1C941243000DD654 /* CHANGELOG.md */ = {isa = PBXFileReference; lastKnownFileType = net.daringfireball.markdown; path = CHANGELOG.md; sourceTree = "<group>"; };
		BA4D088F1C94124F000DD654 /* tag-release.sh */ = {isa = PBXFileReference; lastKnownFileType = text.script.sh; path = "tag-release.sh"; sourceTree = "<group>"; };
		BA8961D71C8EDBB100305CB0 /* SwiftiumKit.framework */ = {isa = PBXFileReference; explicitFileType = wrapper.framework; includeInIndex = 0; path = SwiftiumKit.framework; sourceTree = BUILT_PRODUCTS_DIR; };
		BA8961DA1C8EDBB100305CB0 /* SwiftiumKit.h */ = {isa = PBXFileReference; lastKnownFileType = sourcecode.c.h; path = SwiftiumKit.h; sourceTree = "<group>"; };
		BA8961DC1C8EDBB100305CB0 /* Info.plist */ = {isa = PBXFileReference; lastKnownFileType = text.plist.xml; path = Info.plist; sourceTree = "<group>"; };
		BA8961E11C8EDBB100305CB0 /* SwiftiumKitTests.xctest */ = {isa = PBXFileReference; explicitFileType = wrapper.cfbundle; includeInIndex = 0; path = SwiftiumKitTests.xctest; sourceTree = BUILT_PRODUCTS_DIR; };
		BA8961E81C8EDBB100305CB0 /* Info.plist */ = {isa = PBXFileReference; lastKnownFileType = text.plist.xml; path = Info.plist; sourceTree = "<group>"; };
		BA8961F11C8EDBFC00305CB0 /* UIColorExtensionsTests.swift */ = {isa = PBXFileReference; fileEncoding = 4; lastKnownFileType = sourcecode.swift; path = UIColorExtensionsTests.swift; sourceTree = "<group>"; };
		BA8961F31C8EDC0A00305CB0 /* UIColorExtensions.swift */ = {isa = PBXFileReference; fileEncoding = 4; lastKnownFileType = sourcecode.swift; path = UIColorExtensions.swift; sourceTree = "<group>"; };
		BA8A2D491C96FAAD00125DC3 /* NSDataExtensions.swift */ = {isa = PBXFileReference; fileEncoding = 4; lastKnownFileType = sourcecode.swift; path = NSDataExtensions.swift; sourceTree = "<group>"; };
		BA8A2D4B1C96FAC800125DC3 /* NSDataExtensionsTests.swift */ = {isa = PBXFileReference; fileEncoding = 4; lastKnownFileType = sourcecode.swift; path = NSDataExtensionsTests.swift; sourceTree = "<group>"; };
		BA8A2D4D1C9713AD00125DC3 /* UInt8Extensions.swift */ = {isa = PBXFileReference; fileEncoding = 4; lastKnownFileType = sourcecode.swift; path = UInt8Extensions.swift; sourceTree = "<group>"; };
		BA8A2D4F1C9713D600125DC3 /* UInt8ExtensionsTests.swift */ = {isa = PBXFileReference; fileEncoding = 4; lastKnownFileType = sourcecode.swift; path = UInt8ExtensionsTests.swift; sourceTree = "<group>"; };
		BAF01A7E1DB7F59A006F81D3 /* UIImageExtensions.swift */ = {isa = PBXFileReference; fileEncoding = 4; lastKnownFileType = sourcecode.swift; path = UIImageExtensions.swift; sourceTree = "<group>"; };
		BAF01A801DB7F610006F81D3 /* UIImageExtensionsTests.swift */ = {isa = PBXFileReference; fileEncoding = 4; lastKnownFileType = sourcecode.swift; path = UIImageExtensionsTests.swift; sourceTree = "<group>"; };
		BAFA99E01DB7817600582104 /* UIFontExtensions.swift */ = {isa = PBXFileReference; fileEncoding = 4; lastKnownFileType = sourcecode.swift; path = UIFontExtensions.swift; sourceTree = "<group>"; };
		BAFA99E21DB781D600582104 /* UIFontExtensionsTests.swift */ = {isa = PBXFileReference; fileEncoding = 4; lastKnownFileType = sourcecode.swift; path = UIFontExtensionsTests.swift; sourceTree = "<group>"; };
		BAFA99E41DB786EF00582104 /* CONTRIBUTING.md */ = {isa = PBXFileReference; fileEncoding = 4; lastKnownFileType = net.daringfireball.markdown; path = CONTRIBUTING.md; sourceTree = "<group>"; };
		F9E838D21DCCE15700F3C5FB /* DictionaryOperators.swift */ = {isa = PBXFileReference; fileEncoding = 4; lastKnownFileType = sourcecode.swift; path = DictionaryOperators.swift; sourceTree = "<group>"; };
		F9E838D51DCCE2D000F3C5FB /* DictionaryOperatorsTests.swift */ = {isa = PBXFileReference; fileEncoding = 4; lastKnownFileType = sourcecode.swift; path = DictionaryOperatorsTests.swift; sourceTree = "<group>"; };
/* End PBXFileReference section */

/* Begin PBXFrameworksBuildPhase section */
		BA8961D31C8EDBB100305CB0 /* Frameworks */ = {
			isa = PBXFrameworksBuildPhase;
			buildActionMask = 2147483647;
			files = (
			);
			runOnlyForDeploymentPostprocessing = 0;
		};
		BA8961DE1C8EDBB100305CB0 /* Frameworks */ = {
			isa = PBXFrameworksBuildPhase;
			buildActionMask = 2147483647;
			files = (
				BA8961E21C8EDBB100305CB0 /* SwiftiumKit.framework in Frameworks */,
			);
			runOnlyForDeploymentPostprocessing = 0;
		};
/* End PBXFrameworksBuildPhase section */

/* Begin PBXGroup section */
		BA4D066C1C91C2E6000DD654 /* UIKit */ = {
			isa = PBXGroup;
			children = (
				BA8961F31C8EDC0A00305CB0 /* UIColorExtensions.swift */,
				BAFA99E01DB7817600582104 /* UIFontExtensions.swift */,
				BAF01A7E1DB7F59A006F81D3 /* UIImageExtensions.swift */,
			);
			name = UIKit;
			sourceTree = "<group>";
		};
		BA4D066D1C91C2F2000DD654 /* Additions */ = {
			isa = PBXGroup;
			children = (
				BA4D06711C91C310000DD654 /* Foundation */,
				BA4D066C1C91C2E6000DD654 /* UIKit */,
			);
			name = Additions;
			sourceTree = "<group>";
		};
		BA4D066E1C91C2FE000DD654 /* Additions */ = {
			isa = PBXGroup;
			children = (
				BA4D06701C91C30A000DD654 /* Foundation */,
				BA4D066F1C91C304000DD654 /* UIKit */,
			);
			name = Additions;
			sourceTree = "<group>";
		};
		BA4D066F1C91C304000DD654 /* UIKit */ = {
			isa = PBXGroup;
			children = (
				BA8961F11C8EDBFC00305CB0 /* UIColorExtensionsTests.swift */,
				BAFA99E21DB781D600582104 /* UIFontExtensionsTests.swift */,
				BAF01A801DB7F610006F81D3 /* UIImageExtensionsTests.swift */,
			);
			name = UIKit;
			sourceTree = "<group>";
		};
		BA4D06701C91C30A000DD654 /* Foundation */ = {
			isa = PBXGroup;
			children = (
				BA8A2D4B1C96FAC800125DC3 /* NSDataExtensionsTests.swift */,
				BA4D066A1C91C2DD000DD654 /* StringExtensionsTests.swift */,
				BA8A2D4F1C9713D600125DC3 /* UInt8ExtensionsTests.swift */,
			);
			name = Foundation;
			sourceTree = "<group>";
		};
		BA4D06711C91C310000DD654 /* Foundation */ = {
			isa = PBXGroup;
			children = (
				BA8A2D491C96FAAD00125DC3 /* NSDataExtensions.swift */,
				BA4D06681C91C2B5000DD654 /* StringExtensions.swift */,
				BA8A2D4D1C9713AD00125DC3 /* UInt8Extensions.swift */,
			);
			name = Foundation;
			sourceTree = "<group>";
		};
		BA4D06731C91E023000DD654 /* C */ = {
			isa = PBXGroup;
			children = (
				BA4D067F1C91E602000DD654 /* Crypto.h */,
				BA4D06801C91E602000DD654 /* Crypto.m */,
			);
			name = C;
			sourceTree = "<group>";
		};
		BA8961CD1C8EDBB100305CB0 = {
			isa = PBXGroup;
			children = (
				BAFA99E61DB786F600582104 /* Documentation */,
				BA8961D81C8EDBB100305CB0 /* Products */,
				BA8961D91C8EDBB100305CB0 /* SwiftiumKit */,
				BA8961E51C8EDBB100305CB0 /* SwiftiumKitTests */,
				BA4D088F1C94124F000DD654 /* tag-release.sh */,
			);
			sourceTree = "<group>";
		};
		BA8961D81C8EDBB100305CB0 /* Products */ = {
			isa = PBXGroup;
			children = (
				BA8961D71C8EDBB100305CB0 /* SwiftiumKit.framework */,
				BA8961E11C8EDBB100305CB0 /* SwiftiumKitTests.xctest */,
			);
			name = Products;
			sourceTree = "<group>";
		};
		BA8961D91C8EDBB100305CB0 /* SwiftiumKit */ = {
			isa = PBXGroup;
			children = (
				BA4D06731C91E023000DD654 /* C */,
				BA4D066D1C91C2F2000DD654 /* Additions */,
				F9E838D11DCCE14300F3C5FB /* Operators */,
				BA8961DC1C8EDBB100305CB0 /* Info.plist */,
				BA8961DA1C8EDBB100305CB0 /* SwiftiumKit.h */,
			);
			path = SwiftiumKit;
			sourceTree = "<group>";
		};
		BA8961E51C8EDBB100305CB0 /* SwiftiumKitTests */ = {
			isa = PBXGroup;
			children = (
				BA4D066E1C91C2FE000DD654 /* Additions */,
				F9E838D41DCCE2A400F3C5FB /* Operators */,
				BA8961E81C8EDBB100305CB0 /* Info.plist */,
			);
			path = SwiftiumKitTests;
			sourceTree = "<group>";
		};
		BAFA99E61DB786F600582104 /* Documentation */ = {
			isa = PBXGroup;
			children = (
				BAFA99E41DB786EF00582104 /* CONTRIBUTING.md */,
				BA4D088E1C941243000DD654 /* CHANGELOG.md */,
				BA4D088D1C94123C000DD654 /* README.md */,
			);
			name = Documentation;
			sourceTree = "<group>";
		};
		F9E838D11DCCE14300F3C5FB /* Operators */ = {
			isa = PBXGroup;
			children = (
				F9E838D21DCCE15700F3C5FB /* DictionaryOperators.swift */,
			);
			name = Operators;
			sourceTree = "<group>";
		};
		F9E838D41DCCE2A400F3C5FB /* Operators */ = {
			isa = PBXGroup;
			children = (
				F9E838D51DCCE2D000F3C5FB /* DictionaryOperatorsTests.swift */,
			);
			name = Operators;
			sourceTree = "<group>";
		};
/* End PBXGroup section */

/* Begin PBXHeadersBuildPhase section */
		BA8961D41C8EDBB100305CB0 /* Headers */ = {
			isa = PBXHeadersBuildPhase;
			buildActionMask = 2147483647;
			files = (
				BA8961DB1C8EDBB100305CB0 /* SwiftiumKit.h in Headers */,
				BA4D06811C91E602000DD654 /* Crypto.h in Headers */,
			);
			runOnlyForDeploymentPostprocessing = 0;
		};
/* End PBXHeadersBuildPhase section */

/* Begin PBXNativeTarget section */
		BA8961D61C8EDBB100305CB0 /* SwiftiumKit */ = {
			isa = PBXNativeTarget;
			buildConfigurationList = BA8961EB1C8EDBB100305CB0 /* Build configuration list for PBXNativeTarget "SwiftiumKit" */;
			buildPhases = (
				BA8961D21C8EDBB100305CB0 /* Sources */,
				BA8961D31C8EDBB100305CB0 /* Frameworks */,
				BA8961D41C8EDBB100305CB0 /* Headers */,
				BA8961D51C8EDBB100305CB0 /* Resources */,
			);
			buildRules = (
			);
			dependencies = (
			);
			name = SwiftiumKit;
			productName = SwiftiumKit;
			productReference = BA8961D71C8EDBB100305CB0 /* SwiftiumKit.framework */;
			productType = "com.apple.product-type.framework";
		};
		BA8961E01C8EDBB100305CB0 /* SwiftiumKitTests */ = {
			isa = PBXNativeTarget;
			buildConfigurationList = BA8961EE1C8EDBB100305CB0 /* Build configuration list for PBXNativeTarget "SwiftiumKitTests" */;
			buildPhases = (
				BA8961DD1C8EDBB100305CB0 /* Sources */,
				BA8961DE1C8EDBB100305CB0 /* Frameworks */,
				BA8961DF1C8EDBB100305CB0 /* Resources */,
			);
			buildRules = (
			);
			dependencies = (
				BA8961E41C8EDBB100305CB0 /* PBXTargetDependency */,
			);
			name = SwiftiumKitTests;
			productName = SwiftiumKitTests;
			productReference = BA8961E11C8EDBB100305CB0 /* SwiftiumKitTests.xctest */;
			productType = "com.apple.product-type.bundle.unit-test";
		};
/* End PBXNativeTarget section */

/* Begin PBXProject section */
		BA8961CE1C8EDBB100305CB0 /* Project object */ = {
			isa = PBXProject;
			attributes = {
				LastSwiftUpdateCheck = 0720;
				LastUpgradeCheck = 0800;
				ORGANIZATIONNAME = Openium;
				TargetAttributes = {
					BA8961D61C8EDBB100305CB0 = {
						CreatedOnToolsVersion = 7.2;
						DevelopmentTeam = QH6KR5PAQ7;
						LastSwiftMigration = 0800;
					};
					BA8961E01C8EDBB100305CB0 = {
						CreatedOnToolsVersion = 7.2;
						LastSwiftMigration = 0800;
					};
				};
			};
			buildConfigurationList = BA8961D11C8EDBB100305CB0 /* Build configuration list for PBXProject "SwiftiumKit" */;
			compatibilityVersion = "Xcode 3.2";
			developmentRegion = English;
			hasScannedForEncodings = 0;
			knownRegions = (
				en,
			);
			mainGroup = BA8961CD1C8EDBB100305CB0;
			productRefGroup = BA8961D81C8EDBB100305CB0 /* Products */;
			projectDirPath = "";
			projectRoot = "";
			targets = (
				BA8961D61C8EDBB100305CB0 /* SwiftiumKit */,
				BA8961E01C8EDBB100305CB0 /* SwiftiumKitTests */,
			);
		};
/* End PBXProject section */

/* Begin PBXResourcesBuildPhase section */
		BA8961D51C8EDBB100305CB0 /* Resources */ = {
			isa = PBXResourcesBuildPhase;
			buildActionMask = 2147483647;
			files = (
			);
			runOnlyForDeploymentPostprocessing = 0;
		};
		BA8961DF1C8EDBB100305CB0 /* Resources */ = {
			isa = PBXResourcesBuildPhase;
			buildActionMask = 2147483647;
			files = (
			);
			runOnlyForDeploymentPostprocessing = 0;
		};
/* End PBXResourcesBuildPhase section */

/* Begin PBXSourcesBuildPhase section */
		BA8961D21C8EDBB100305CB0 /* Sources */ = {
			isa = PBXSourcesBuildPhase;
			buildActionMask = 2147483647;
			files = (
				BA4D06691C91C2B5000DD654 /* StringExtensions.swift in Sources */,
				F9E838D31DCCE15700F3C5FB /* DictionaryOperators.swift in Sources */,
				BA8A2D4A1C96FAAD00125DC3 /* NSDataExtensions.swift in Sources */,
				BAF01A7F1DB7F59A006F81D3 /* UIImageExtensions.swift in Sources */,
				BAFA99E11DB7817600582104 /* UIFontExtensions.swift in Sources */,
				BA8A2D4E1C9713AD00125DC3 /* UInt8Extensions.swift in Sources */,
				BA4D06821C91E602000DD654 /* Crypto.m in Sources */,
				BA8961F41C8EDC0A00305CB0 /* UIColorExtensions.swift in Sources */,
			);
			runOnlyForDeploymentPostprocessing = 0;
		};
		BA8961DD1C8EDBB100305CB0 /* Sources */ = {
			isa = PBXSourcesBuildPhase;
			buildActionMask = 2147483647;
			files = (
				BA8A2D501C9713D600125DC3 /* UInt8ExtensionsTests.swift in Sources */,
				BA8A2D4C1C96FAC800125DC3 /* NSDataExtensionsTests.swift in Sources */,
				BA4D066B1C91C2DD000DD654 /* StringExtensionsTests.swift in Sources */,
				BAF01A811DB7F610006F81D3 /* UIImageExtensionsTests.swift in Sources */,
				F9E838D61DCCE2D000F3C5FB /* DictionaryOperatorsTests.swift in Sources */,
				BA8961F21C8EDBFC00305CB0 /* UIColorExtensionsTests.swift in Sources */,
				BAFA99E31DB781D600582104 /* UIFontExtensionsTests.swift in Sources */,
			);
			runOnlyForDeploymentPostprocessing = 0;
		};
/* End PBXSourcesBuildPhase section */

/* Begin PBXTargetDependency section */
		BA8961E41C8EDBB100305CB0 /* PBXTargetDependency */ = {
			isa = PBXTargetDependency;
			target = BA8961D61C8EDBB100305CB0 /* SwiftiumKit */;
			targetProxy = BA8961E31C8EDBB100305CB0 /* PBXContainerItemProxy */;
		};
/* End PBXTargetDependency section */

/* Begin XCBuildConfiguration section */
		BA8961E91C8EDBB100305CB0 /* Debug */ = {
			isa = XCBuildConfiguration;
			buildSettings = {
				ALWAYS_SEARCH_USER_PATHS = NO;
				CLANG_CXX_LANGUAGE_STANDARD = "gnu++0x";
				CLANG_CXX_LIBRARY = "libc++";
				CLANG_ENABLE_MODULES = YES;
				CLANG_ENABLE_OBJC_ARC = YES;
				CLANG_WARN_BOOL_CONVERSION = YES;
				CLANG_WARN_CONSTANT_CONVERSION = YES;
				CLANG_WARN_DIRECT_OBJC_ISA_USAGE = YES_ERROR;
				CLANG_WARN_EMPTY_BODY = YES;
				CLANG_WARN_ENUM_CONVERSION = YES;
				CLANG_WARN_INFINITE_RECURSION = YES;
				CLANG_WARN_INT_CONVERSION = YES;
				CLANG_WARN_OBJC_ROOT_CLASS = YES_ERROR;
				CLANG_WARN_SUSPICIOUS_MOVE = YES;
				CLANG_WARN_UNREACHABLE_CODE = YES;
				CLANG_WARN__DUPLICATE_METHOD_MATCH = YES;
				"CODE_SIGN_IDENTITY[sdk=iphoneos*]" = "iPhone Developer";
				COPY_PHASE_STRIP = NO;
				CURRENT_PROJECT_VERSION = 1;
				DEBUG_INFORMATION_FORMAT = dwarf;
				ENABLE_STRICT_OBJC_MSGSEND = YES;
				ENABLE_TESTABILITY = YES;
				GCC_C_LANGUAGE_STANDARD = gnu99;
				GCC_DYNAMIC_NO_PIC = NO;
				GCC_NO_COMMON_BLOCKS = YES;
				GCC_OPTIMIZATION_LEVEL = 0;
				GCC_PREPROCESSOR_DEFINITIONS = (
					"DEBUG=1",
					"$(inherited)",
				);
				GCC_WARN_64_TO_32_BIT_CONVERSION = YES;
				GCC_WARN_ABOUT_RETURN_TYPE = YES_ERROR;
				GCC_WARN_UNDECLARED_SELECTOR = YES;
				GCC_WARN_UNINITIALIZED_AUTOS = YES_AGGRESSIVE;
				GCC_WARN_UNUSED_FUNCTION = YES;
				GCC_WARN_UNUSED_VARIABLE = YES;
				IPHONEOS_DEPLOYMENT_TARGET = 9.2;
				MTL_ENABLE_DEBUG_INFO = YES;
				ONLY_ACTIVE_ARCH = YES;
				SDKROOT = iphoneos;
				SWIFT_OPTIMIZATION_LEVEL = "-Onone";
				TARGETED_DEVICE_FAMILY = "1,2";
				VERSIONING_SYSTEM = "apple-generic";
				VERSION_INFO_PREFIX = "";
			};
			name = Debug;
		};
		BA8961EA1C8EDBB100305CB0 /* Release */ = {
			isa = XCBuildConfiguration;
			buildSettings = {
				ALWAYS_SEARCH_USER_PATHS = NO;
				CLANG_CXX_LANGUAGE_STANDARD = "gnu++0x";
				CLANG_CXX_LIBRARY = "libc++";
				CLANG_ENABLE_MODULES = YES;
				CLANG_ENABLE_OBJC_ARC = YES;
				CLANG_WARN_BOOL_CONVERSION = YES;
				CLANG_WARN_CONSTANT_CONVERSION = YES;
				CLANG_WARN_DIRECT_OBJC_ISA_USAGE = YES_ERROR;
				CLANG_WARN_EMPTY_BODY = YES;
				CLANG_WARN_ENUM_CONVERSION = YES;
				CLANG_WARN_INFINITE_RECURSION = YES;
				CLANG_WARN_INT_CONVERSION = YES;
				CLANG_WARN_OBJC_ROOT_CLASS = YES_ERROR;
				CLANG_WARN_SUSPICIOUS_MOVE = YES;
				CLANG_WARN_UNREACHABLE_CODE = YES;
				CLANG_WARN__DUPLICATE_METHOD_MATCH = YES;
				"CODE_SIGN_IDENTITY[sdk=iphoneos*]" = "iPhone Developer";
				COPY_PHASE_STRIP = NO;
				CURRENT_PROJECT_VERSION = 1;
				DEBUG_INFORMATION_FORMAT = "dwarf-with-dsym";
				ENABLE_NS_ASSERTIONS = NO;
				ENABLE_STRICT_OBJC_MSGSEND = YES;
				GCC_C_LANGUAGE_STANDARD = gnu99;
				GCC_NO_COMMON_BLOCKS = YES;
				GCC_WARN_64_TO_32_BIT_CONVERSION = YES;
				GCC_WARN_ABOUT_RETURN_TYPE = YES_ERROR;
				GCC_WARN_UNDECLARED_SELECTOR = YES;
				GCC_WARN_UNINITIALIZED_AUTOS = YES_AGGRESSIVE;
				GCC_WARN_UNUSED_FUNCTION = YES;
				GCC_WARN_UNUSED_VARIABLE = YES;
				IPHONEOS_DEPLOYMENT_TARGET = 9.2;
				MTL_ENABLE_DEBUG_INFO = NO;
				SDKROOT = iphoneos;
				SWIFT_OPTIMIZATION_LEVEL = "-Owholemodule";
				TARGETED_DEVICE_FAMILY = "1,2";
				VALIDATE_PRODUCT = YES;
				VERSIONING_SYSTEM = "apple-generic";
				VERSION_INFO_PREFIX = "";
			};
			name = Release;
		};
		BA8961EC1C8EDBB100305CB0 /* Debug */ = {
			isa = XCBuildConfiguration;
			buildSettings = {
				CLANG_ENABLE_MODULES = YES;
				"CODE_SIGN_IDENTITY[sdk=iphoneos*]" = "";
				DEFINES_MODULE = YES;
				DEVELOPMENT_TEAM = QH6KR5PAQ7;
				DYLIB_COMPATIBILITY_VERSION = 1;
				DYLIB_CURRENT_VERSION = 1;
				DYLIB_INSTALL_NAME_BASE = "@rpath";
				INFOPLIST_FILE = SwiftiumKit/Info.plist;
				INSTALL_PATH = "$(LOCAL_LIBRARY_DIR)/Frameworks";
				IPHONEOS_DEPLOYMENT_TARGET = 8.0;
				LD_RUNPATH_SEARCH_PATHS = "$(inherited) @executable_path/Frameworks @loader_path/Frameworks";
				PRODUCT_BUNDLE_IDENTIFIER = fr.openium.SwiftiumKit;
				PRODUCT_NAME = "$(TARGET_NAME)";
				SKIP_INSTALL = YES;
				SWIFT_OPTIMIZATION_LEVEL = "-Onone";
				SWIFT_VERSION = 3.0;
			};
			name = Debug;
		};
		BA8961ED1C8EDBB100305CB0 /* Release */ = {
			isa = XCBuildConfiguration;
			buildSettings = {
				CLANG_ENABLE_MODULES = YES;
				"CODE_SIGN_IDENTITY[sdk=iphoneos*]" = "";
				DEFINES_MODULE = YES;
				DEVELOPMENT_TEAM = QH6KR5PAQ7;
				DYLIB_COMPATIBILITY_VERSION = 1;
				DYLIB_CURRENT_VERSION = 1;
				DYLIB_INSTALL_NAME_BASE = "@rpath";
				INFOPLIST_FILE = SwiftiumKit/Info.plist;
				INSTALL_PATH = "$(LOCAL_LIBRARY_DIR)/Frameworks";
				IPHONEOS_DEPLOYMENT_TARGET = 8.0;
				LD_RUNPATH_SEARCH_PATHS = "$(inherited) @executable_path/Frameworks @loader_path/Frameworks";
				PRODUCT_BUNDLE_IDENTIFIER = fr.openium.SwiftiumKit;
				PRODUCT_NAME = "$(TARGET_NAME)";
				SKIP_INSTALL = YES;
				SWIFT_VERSION = 3.0;
			};
			name = Release;
		};
		BA8961EF1C8EDBB100305CB0 /* Debug */ = {
			isa = XCBuildConfiguration;
			buildSettings = {
				INFOPLIST_FILE = SwiftiumKitTests/Info.plist;
				LD_RUNPATH_SEARCH_PATHS = "$(inherited) @executable_path/Frameworks @loader_path/Frameworks";
				PRODUCT_BUNDLE_IDENTIFIER = fr.openium.SwiftiumKitTests;
				PRODUCT_NAME = "$(TARGET_NAME)";
				SWIFT_VERSION = 3.0;
			};
			name = Debug;
		};
		BA8961F01C8EDBB100305CB0 /* Release */ = {
			isa = XCBuildConfiguration;
			buildSettings = {
				INFOPLIST_FILE = SwiftiumKitTests/Info.plist;
				LD_RUNPATH_SEARCH_PATHS = "$(inherited) @executable_path/Frameworks @loader_path/Frameworks";
				PRODUCT_BUNDLE_IDENTIFIER = fr.openium.SwiftiumKitTests;
				PRODUCT_NAME = "$(TARGET_NAME)";
				SWIFT_VERSION = 3.0;
			};
			name = Release;
		};
/* End XCBuildConfiguration section */

/* Begin XCConfigurationList section */
		BA8961D11C8EDBB100305CB0 /* Build configuration list for PBXProject "SwiftiumKit" */ = {
			isa = XCConfigurationList;
			buildConfigurations = (
				BA8961E91C8EDBB100305CB0 /* Debug */,
				BA8961EA1C8EDBB100305CB0 /* Release */,
			);
			defaultConfigurationIsVisible = 0;
			defaultConfigurationName = Release;
		};
		BA8961EB1C8EDBB100305CB0 /* Build configuration list for PBXNativeTarget "SwiftiumKit" */ = {
			isa = XCConfigurationList;
			buildConfigurations = (
				BA8961EC1C8EDBB100305CB0 /* Debug */,
				BA8961ED1C8EDBB100305CB0 /* Release */,
			);
			defaultConfigurationIsVisible = 0;
			defaultConfigurationName = Release;
		};
		BA8961EE1C8EDBB100305CB0 /* Build configuration list for PBXNativeTarget "SwiftiumKitTests" */ = {
			isa = XCConfigurationList;
			buildConfigurations = (
				BA8961EF1C8EDBB100305CB0 /* Debug */,
				BA8961F01C8EDBB100305CB0 /* Release */,
			);
			defaultConfigurationIsVisible = 0;
			defaultConfigurationName = Release;
		};
/* End XCConfigurationList section */
	};
	rootObject = BA8961CE1C8EDBB100305CB0 /* Project object */;
}
